// !$*UTF8*$!
{
	archiveVersion = 1;
	classes = {
	};
	objectVersion = 56;
	objects = {

/* Begin PBXBuildFile section */
		1C9E85C12BDFD616004BB631 /* NowPlayingView.swift in Sources */ = {isa = PBXBuildFile; fileRef = 1C9E85C02BDFD616004BB631 /* NowPlayingView.swift */; };
		1C9E85C32BDFD62E004BB631 /* PopularView.swift in Sources */ = {isa = PBXBuildFile; fileRef = 1C9E85C22BDFD62E004BB631 /* PopularView.swift */; };
		1C9E85C52BDFD642004BB631 /* UpcomingView.swift in Sources */ = {isa = PBXBuildFile; fileRef = 1C9E85C42BDFD642004BB631 /* UpcomingView.swift */; };
		CA0FC3162BDD214700647BB0 /* AMtimeApp.swift in Sources */ = {isa = PBXBuildFile; fileRef = CA0FC3152BDD214700647BB0 /* AMtimeApp.swift */; };
		CA0FC3182BDD214700647BB0 /* ContentView.swift in Sources */ = {isa = PBXBuildFile; fileRef = CA0FC3172BDD214700647BB0 /* ContentView.swift */; };
		CA0FC31A2BDD214800647BB0 /* Assets.xcassets in Resources */ = {isa = PBXBuildFile; fileRef = CA0FC3192BDD214800647BB0 /* Assets.xcassets */; };
		CA0FC31D2BDD214800647BB0 /* Preview Assets.xcassets in Resources */ = {isa = PBXBuildFile; fileRef = CA0FC31C2BDD214800647BB0 /* Preview Assets.xcassets */; };
		CA0FC3272BDD214800647BB0 /* AMtimeTests.swift in Sources */ = {isa = PBXBuildFile; fileRef = CA0FC3262BDD214800647BB0 /* AMtimeTests.swift */; };
		CA0FC3312BDD214800647BB0 /* AMtimeUITests.swift in Sources */ = {isa = PBXBuildFile; fileRef = CA0FC3302BDD214800647BB0 /* AMtimeUITests.swift */; };
		CA0FC3332BDD214800647BB0 /* AMtimeUITestsLaunchTests.swift in Sources */ = {isa = PBXBuildFile; fileRef = CA0FC3322BDD214800647BB0 /* AMtimeUITestsLaunchTests.swift */; };
		CA6FEE0A2BDD225600D696DB /* ColorExt.swift in Sources */ = {isa = PBXBuildFile; fileRef = CA6FEE082BDD225600D696DB /* ColorExt.swift */; };
		CA6FEE0D2BDD225F00D696DB /* data.json in Resources */ = {isa = PBXBuildFile; fileRef = CA6FEE0B2BDD225F00D696DB /* data.json */; };
		CA6FEE492BDD226700D696DB /* 1917_land.jpg in Resources */ = {isa = PBXBuildFile; fileRef = CA6FEE0E2BDD226700D696DB /* 1917_land.jpg */; };
		CA6FEE4A2BDD226700D696DB /* 1917.jpg in Resources */ = {isa = PBXBuildFile; fileRef = CA6FEE0F2BDD226700D696DB /* 1917.jpg */; };
		CA6FEE4B2BDD226700D696DB /* adastra_land.jpg in Resources */ = {isa = PBXBuildFile; fileRef = CA6FEE102BDD226700D696DB /* adastra_land.jpg */; };
		CA6FEE4C2BDD226700D696DB /* adastra.jpg in Resources */ = {isa = PBXBuildFile; fileRef = CA6FEE112BDD226700D696DB /* adastra.jpg */; };
		CA6FEE4D2BDD226700D696DB /* angelinajolie.jpg in Resources */ = {isa = PBXBuildFile; fileRef = CA6FEE122BDD226700D696DB /* angelinajolie.jpg */; };
		CA6FEE4E2BDD226700D696DB /* bombshell_land.jpg in Resources */ = {isa = PBXBuildFile; fileRef = CA6FEE132BDD226700D696DB /* bombshell_land.jpg */; };
		CA6FEE4F2BDD226700D696DB /* bombshell.jpg in Resources */ = {isa = PBXBuildFile; fileRef = CA6FEE142BDD226700D696DB /* bombshell.jpg */; };
		CA6FEE502BDD226700D696DB /* bradpitt.jpg in Resources */ = {isa = PBXBuildFile; fileRef = CA6FEE152BDD226700D696DB /* bradpitt.jpg */; };
		CA6FEE512BDD226700D696DB /* cats_land.jpg in Resources */ = {isa = PBXBuildFile; fileRef = CA6FEE162BDD226700D696DB /* cats_land.jpg */; };
		CA6FEE522BDD226700D696DB /* cats.jpg in Resources */ = {isa = PBXBuildFile; fileRef = CA6FEE172BDD226700D696DB /* cats.jpg */; };
		CA6FEE532BDD226700D696DB /* choyeo.jpg in Resources */ = {isa = PBXBuildFile; fileRef = CA6FEE182BDD226700D696DB /* choyeo.jpg */; };
		CA6FEE542BDD226700D696DB /* code_8_land.jpg in Resources */ = {isa = PBXBuildFile; fileRef = CA6FEE192BDD226700D696DB /* code_8_land.jpg */; };
		CA6FEE552BDD226700D696DB /* code_8.jpg in Resources */ = {isa = PBXBuildFile; fileRef = CA6FEE1A2BDD226700D696DB /* code_8.jpg */; };
		CA6FEE562BDD226700D696DB /* dwaynejohnson.jpg in Resources */ = {isa = PBXBuildFile; fileRef = CA6FEE1B2BDD226700D696DB /* dwaynejohnson.jpg */; };
		CA6FEE572BDD226700D696DB /* frozen2_land.jpg in Resources */ = {isa = PBXBuildFile; fileRef = CA6FEE1C2BDD226700D696DB /* frozen2_land.jpg */; };
		CA6FEE582BDD226700D696DB /* frozen2.jpg in Resources */ = {isa = PBXBuildFile; fileRef = CA6FEE1D2BDD226700D696DB /* frozen2.jpg */; };
		CA6FEE592BDD226700D696DB /* garrison7_land.jpg in Resources */ = {isa = PBXBuildFile; fileRef = CA6FEE1E2BDD226700D696DB /* garrison7_land.jpg */; };
		CA6FEE5A2BDD226700D696DB /* garrison7.jpg in Resources */ = {isa = PBXBuildFile; fileRef = CA6FEE1F2BDD226700D696DB /* garrison7.jpg */; };
		CA6FEE5B2BDD226700D696DB /* henrycavil.jpg in Resources */ = {isa = PBXBuildFile; fileRef = CA6FEE202BDD226700D696DB /* henrycavil.jpg */; };
		CA6FEE5C2BDD226700D696DB /* ipman4_land.jpg in Resources */ = {isa = PBXBuildFile; fileRef = CA6FEE212BDD226700D696DB /* ipman4_land.jpg */; };
		CA6FEE5D2BDD226700D696DB /* ipman4.jpg in Resources */ = {isa = PBXBuildFile; fileRef = CA6FEE222BDD226700D696DB /* ipman4.jpg */; };
		CA6FEE5E2BDD226700D696DB /* it2_land.jpg in Resources */ = {isa = PBXBuildFile; fileRef = CA6FEE232BDD226700D696DB /* it2_land.jpg */; };
		CA6FEE5F2BDD226700D696DB /* it2.jpg in Resources */ = {isa = PBXBuildFile; fileRef = CA6FEE242BDD226700D696DB /* it2.jpg */; };
		CA6FEE602BDD226700D696DB /* joker_land.jpg in Resources */ = {isa = PBXBuildFile; fileRef = CA6FEE252BDD226700D696DB /* joker_land.jpg */; };
		CA6FEE612BDD226700D696DB /* joker.jpg in Resources */ = {isa = PBXBuildFile; fileRef = CA6FEE262BDD226700D696DB /* joker.jpg */; };
		CA6FEE622BDD226700D696DB /* jumanji_land.jpg in Resources */ = {isa = PBXBuildFile; fileRef = CA6FEE272BDD226700D696DB /* jumanji_land.jpg */; };
		CA6FEE632BDD226700D696DB /* jumanji.jpg in Resources */ = {isa = PBXBuildFile; fileRef = CA6FEE282BDD226700D696DB /* jumanji.jpg */; };
		CA6FEE642BDD226700D696DB /* justmercy_land.jpg in Resources */ = {isa = PBXBuildFile; fileRef = CA6FEE292BDD226700D696DB /* justmercy_land.jpg */; };
		CA6FEE652BDD226700D696DB /* justmercy.jpg in Resources */ = {isa = PBXBuildFile; fileRef = CA6FEE2A2BDD226700D696DB /* justmercy.jpg */; };
		CA6FEE662BDD226700D696DB /* kaleycuoco.jpg in Resources */ = {isa = PBXBuildFile; fileRef = CA6FEE2B2BDD226700D696DB /* kaleycuoco.jpg */; };
		CA6FEE672BDD226700D696DB /* keanureeves.jpg in Resources */ = {isa = PBXBuildFile; fileRef = CA6FEE2C2BDD226700D696DB /* keanureeves.jpg */; };
		CA6FEE682BDD226700D696DB /* knivesout_land.jpg in Resources */ = {isa = PBXBuildFile; fileRef = CA6FEE2D2BDD226700D696DB /* knivesout_land.jpg */; };
		CA6FEE692BDD226700D696DB /* knivesout.jpg in Resources */ = {isa = PBXBuildFile; fileRef = CA6FEE2E2BDD226700D696DB /* knivesout.jpg */; };
		CA6FEE6A2BDD226700D696DB /* lilwoman_land.jpg in Resources */ = {isa = PBXBuildFile; fileRef = CA6FEE2F2BDD226700D696DB /* lilwoman_land.jpg */; };
		CA6FEE6B2BDD226700D696DB /* lilwoman.jpg in Resources */ = {isa = PBXBuildFile; fileRef = CA6FEE302BDD226700D696DB /* lilwoman.jpg */; };
		CA6FEE6C2BDD226700D696DB /* marriagestory_land.jpg in Resources */ = {isa = PBXBuildFile; fileRef = CA6FEE312BDD226700D696DB /* marriagestory_land.jpg */; };
		CA6FEE6D2BDD226700D696DB /* marriagestory.jpg in Resources */ = {isa = PBXBuildFile; fileRef = CA6FEE322BDD226700D696DB /* marriagestory.jpg */; };
		CA6FEE6E2BDD226700D696DB /* outih_land.jpg in Resources */ = {isa = PBXBuildFile; fileRef = CA6FEE332BDD226700D696DB /* outih_land.jpg */; };
		CA6FEE6F2BDD226700D696DB /* outih.jpg in Resources */ = {isa = PBXBuildFile; fileRef = CA6FEE342BDD226700D696DB /* outih.jpg */; };
		CA6FEE702BDD226700D696DB /* rambo_land.jpg in Resources */ = {isa = PBXBuildFile; fileRef = CA6FEE352BDD226700D696DB /* rambo_land.jpg */; };
		CA6FEE712BDD226700D696DB /* rambo.jpg in Resources */ = {isa = PBXBuildFile; fileRef = CA6FEE362BDD226700D696DB /* rambo.jpg */; };
		CA6FEE722BDD226700D696DB /* rebeccaferguson.jpg in Resources */ = {isa = PBXBuildFile; fileRef = CA6FEE372BDD226700D696DB /* rebeccaferguson.jpg */; };
		CA6FEE732BDD226700D696DB /* rosebyrne.jpg in Resources */ = {isa = PBXBuildFile; fileRef = CA6FEE382BDD226700D696DB /* rosebyrne.jpg */; };
		CA6FEE742BDD226700D696DB /* scarlJohan.jpg in Resources */ = {isa = PBXBuildFile; fileRef = CA6FEE392BDD226700D696DB /* scarlJohan.jpg */; };
		CA6FEE752BDD226700D696DB /* spiesindisguise_land.jpg in Resources */ = {isa = PBXBuildFile; fileRef = CA6FEE3A2BDD226700D696DB /* spiesindisguise_land.jpg */; };
		CA6FEE762BDD226700D696DB /* spiesindisguise.jpg in Resources */ = {isa = PBXBuildFile; fileRef = CA6FEE3B2BDD226700D696DB /* spiesindisguise.jpg */; };
		CA6FEE772BDD226700D696DB /* starwars_land.jpg in Resources */ = {isa = PBXBuildFile; fileRef = CA6FEE3C2BDD226700D696DB /* starwars_land.jpg */; };
		CA6FEE782BDD226700D696DB /* starwars.jpg in Resources */ = {isa = PBXBuildFile; fileRef = CA6FEE3D2BDD226700D696DB /* starwars.jpg */; };
		CA6FEE792BDD226700D696DB /* thegrudge_land.jpg in Resources */ = {isa = PBXBuildFile; fileRef = CA6FEE3E2BDD226700D696DB /* thegrudge_land.jpg */; };
		CA6FEE7A2BDD226700D696DB /* thegrudge.jpg in Resources */ = {isa = PBXBuildFile; fileRef = CA6FEE3F2BDD226700D696DB /* thegrudge.jpg */; };
		CA6FEE7B2BDD226700D696DB /* theinformer_land.jpg in Resources */ = {isa = PBXBuildFile; fileRef = CA6FEE402BDD226700D696DB /* theinformer_land.jpg */; };
		CA6FEE7C2BDD226700D696DB /* theinformer.jpg in Resources */ = {isa = PBXBuildFile; fileRef = CA6FEE412BDD226700D696DB /* theinformer.jpg */; };
		CA6FEE7D2BDD226700D696DB /* thesongofnames_land.jpg in Resources */ = {isa = PBXBuildFile; fileRef = CA6FEE422BDD226700D696DB /* thesongofnames_land.jpg */; };
		CA6FEE7E2BDD226700D696DB /* thesongofnames.jpg in Resources */ = {isa = PBXBuildFile; fileRef = CA6FEE432BDD226700D696DB /* thesongofnames.jpg */; };
		CA6FEE7F2BDD226700D696DB /* uncutgems_land.jpg in Resources */ = {isa = PBXBuildFile; fileRef = CA6FEE442BDD226700D696DB /* uncutgems_land.jpg */; };
		CA6FEE802BDD226700D696DB /* uncutgems.jpg in Resources */ = {isa = PBXBuildFile; fileRef = CA6FEE452BDD226700D696DB /* uncutgems.jpg */; };
		CA6FEE812BDD226700D696DB /* underwater_land.jpg in Resources */ = {isa = PBXBuildFile; fileRef = CA6FEE462BDD226700D696DB /* underwater_land.jpg */; };
		CA6FEE822BDD226700D696DB /* underwater.jpg in Resources */ = {isa = PBXBuildFile; fileRef = CA6FEE472BDD226700D696DB /* underwater.jpg */; };
		CA6FEE8B2BDD240C00D696DB /* MovieViewModel.swift in Sources */ = {isa = PBXBuildFile; fileRef = CA6FEE8A2BDD240C00D696DB /* MovieViewModel.swift */; };
		CA6FEE8E2BDD245100D696DB /* MovieCollectionView.swift in Sources */ = {isa = PBXBuildFile; fileRef = CA6FEE8D2BDD245100D696DB /* MovieCollectionView.swift */; };
		CA6FEE902BDD246300D696DB /* TrendingCell.swift in Sources */ = {isa = PBXBuildFile; fileRef = CA6FEE8F2BDD246300D696DB /* TrendingCell.swift */; };
		CA6FEE922BDD247400D696DB /* PopularCell.swift in Sources */ = {isa = PBXBuildFile; fileRef = CA6FEE912BDD247400D696DB /* PopularCell.swift */; };
		CA6FEE962BDD249D00D696DB /* UpcomingCell.swift in Sources */ = {isa = PBXBuildFile; fileRef = CA6FEE952BDD249D00D696DB /* UpcomingCell.swift */; };
		CA6FEE982BDD24B300D696DB /* HeaderView.swift in Sources */ = {isa = PBXBuildFile; fileRef = CA6FEE972BDD24B300D696DB /* HeaderView.swift */; };
		CA6FEE9B2BDD262200D696DB /* SingleMovieView.swift in Sources */ = {isa = PBXBuildFile; fileRef = CA6FEE9A2BDD262200D696DB /* SingleMovieView.swift */; };
		CA6FEE9E2BDD267000D696DB /* MovieDetailView.swift in Sources */ = {isa = PBXBuildFile; fileRef = CA6FEE9D2BDD267000D696DB /* MovieDetailView.swift */; };
		CA6FEEA02BDD269700D696DB /* LCButton.swift in Sources */ = {isa = PBXBuildFile; fileRef = CA6FEE9F2BDD269700D696DB /* LCButton.swift */; };
		CA6FEEA22BDD26A300D696DB /* LineRatingView.swift in Sources */ = {isa = PBXBuildFile; fileRef = CA6FEEA12BDD26A300D696DB /* LineRatingView.swift */; };
		CA6FEEA62BDD277F00D696DB /* MovieListView.swift in Sources */ = {isa = PBXBuildFile; fileRef = CA6FEEA52BDD277F00D696DB /* MovieListView.swift */; };
		CA6FEEA82BDD279400D696DB /* MovieListRow.swift in Sources */ = {isa = PBXBuildFile; fileRef = CA6FEEA72BDD279400D696DB /* MovieListRow.swift */; };
		CA6FEEAE2BDD2B7700D696DB /* TheatreView.swift in Sources */ = {isa = PBXBuildFile; fileRef = CA6FEEAD2BDD2B7700D696DB /* TheatreView.swift */; };
		CA6FEEB02BDD2B8E00D696DB /* Seat.swift in Sources */ = {isa = PBXBuildFile; fileRef = CA6FEEAF2BDD2B8E00D696DB /* Seat.swift */; };
		CA6FEEB32BDD2BA300D696DB /* ScreenShape.swift in Sources */ = {isa = PBXBuildFile; fileRef = CA6FEEB22BDD2BA300D696DB /* ScreenShape.swift */; };
		CA6FEEB52BDD2C1400D696DB /* ChairView.swift in Sources */ = {isa = PBXBuildFile; fileRef = CA6FEEB42BDD2C1400D696DB /* ChairView.swift */; };
		CA6FEEB72BDD2C5C00D696DB /* ChairLegend.swift in Sources */ = {isa = PBXBuildFile; fileRef = CA6FEEB62BDD2C5C00D696DB /* ChairLegend.swift */; };
		CA6FEEB92BDD2CD700D696DB /* SeatsChoiceView.swift in Sources */ = {isa = PBXBuildFile; fileRef = CA6FEEB82BDD2CD700D696DB /* SeatsChoiceView.swift */; };
		CA6FEEBB2BDD2D0300D696DB /* TicketDate.swift in Sources */ = {isa = PBXBuildFile; fileRef = CA6FEEBA2BDD2D0300D696DB /* TicketDate.swift */; };
		CA6FEEBD2BDD2DC900D696DB /* DateTimeView.swift in Sources */ = {isa = PBXBuildFile; fileRef = CA6FEEBC2BDD2DC900D696DB /* DateTimeView.swift */; };
		CA6FEEBF2BDD2DF100D696DB /* DateExt.swift in Sources */ = {isa = PBXBuildFile; fileRef = CA6FEEBE2BDD2DF100D696DB /* DateExt.swift */; };
		CA6FEEC12BDD2E2F00D696DB /* DateView.swift in Sources */ = {isa = PBXBuildFile; fileRef = CA6FEEC02BDD2E2F00D696DB /* DateView.swift */; };
		CA6FEEC32BDD2E5500D696DB /* DateShape.swift in Sources */ = {isa = PBXBuildFile; fileRef = CA6FEEC22BDD2E5500D696DB /* DateShape.swift */; };
		CA6FEEC52BDD2EB100D696DB /* TimeView.swift in Sources */ = {isa = PBXBuildFile; fileRef = CA6FEEC42BDD2EB100D696DB /* TimeView.swift */; };
		CA6FEEC72BDD36E900D696DB /* BasketView.swift in Sources */ = {isa = PBXBuildFile; fileRef = CA6FEEC62BDD36E900D696DB /* BasketView.swift */; };
		CA6FEEC92BDD370700D696DB /* Ticket.swift in Sources */ = {isa = PBXBuildFile; fileRef = CA6FEEC82BDD370700D696DB /* Ticket.swift */; };
		CA6FEECB2BDD373300D696DB /* TicketView.swift in Sources */ = {isa = PBXBuildFile; fileRef = CA6FEECA2BDD373300D696DB /* TicketView.swift */; };
		CA6FEECD2BDD376100D696DB /* TopTicketView.swift in Sources */ = {isa = PBXBuildFile; fileRef = CA6FEECC2BDD376100D696DB /* TopTicketView.swift */; };
		CA6FEECF2BDD376E00D696DB /* TicketDetailView.swift in Sources */ = {isa = PBXBuildFile; fileRef = CA6FEECE2BDD376E00D696DB /* TicketDetailView.swift */; };
		CA6FEED12BDD377900D696DB /* BottomTicketView.swift in Sources */ = {isa = PBXBuildFile; fileRef = CA6FEED02BDD377900D696DB /* BottomTicketView.swift */; };
		CA6FEED32BDD378900D696DB /* DashedSeperator.swift in Sources */ = {isa = PBXBuildFile; fileRef = CA6FEED22BDD378900D696DB /* DashedSeperator.swift */; };
		CA6FEED52BDD379600D696DB /* TicketShape.swift in Sources */ = {isa = PBXBuildFile; fileRef = CA6FEED42BDD379600D696DB /* TicketShape.swift */; };
		CA6FEED72BDD396600D696DB /* PaymentView.swift in Sources */ = {isa = PBXBuildFile; fileRef = CA6FEED62BDD396600D696DB /* PaymentView.swift */; };
		CA6FEED92BDD39A400D696DB /* PaymentMethod.swift in Sources */ = {isa = PBXBuildFile; fileRef = CA6FEED82BDD39A400D696DB /* PaymentMethod.swift */; };
		CA6FEEDB2BDD3A1700D696DB /* LCTextfield.swift in Sources */ = {isa = PBXBuildFile; fileRef = CA6FEEDA2BDD3A1700D696DB /* LCTextfield.swift */; };
		CA6FEEDD2BDD3B3B00D696DB /* OkView.swift in Sources */ = {isa = PBXBuildFile; fileRef = CA6FEEDC2BDD3B3B00D696DB /* OkView.swift */; };
		CA6FEEDF2BDD3B4B00D696DB /* LoadingView.swift in Sources */ = {isa = PBXBuildFile; fileRef = CA6FEEDE2BDD3B4B00D696DB /* LoadingView.swift */; };
		CA6FEEE12BDD3B6C00D696DB /* OkShape.swift in Sources */ = {isa = PBXBuildFile; fileRef = CA6FEEE02BDD3B6C00D696DB /* OkShape.swift */; };
		CA6FEEE32BDD3C7F00D696DB /* AnyTransitionExt.swift in Sources */ = {isa = PBXBuildFile; fileRef = CA6FEEE22BDD3C7F00D696DB /* AnyTransitionExt.swift */; };
		CA6FEEE52BDD3D8500D696DB /* NotificationCenterExt.swift in Sources */ = {isa = PBXBuildFile; fileRef = CA6FEEE42BDD3D8500D696DB /* NotificationCenterExt.swift */; };
		CA6FEEE72BDDCE8200D696DB /* URLExt.swift in Sources */ = {isa = PBXBuildFile; fileRef = CA6FEEE62BDDCE8200D696DB /* URLExt.swift */; };
		CA6FEEE92BDDE6C900D696DB /* Movie.swift in Sources */ = {isa = PBXBuildFile; fileRef = CA6FEEE82BDDE6C900D696DB /* Movie.swift */; };
		CA6FEEEC2BDDE76D00D696DB /* WebService.swift in Sources */ = {isa = PBXBuildFile; fileRef = CA6FEEEB2BDDE76D00D696DB /* WebService.swift */; };
		CA6FEEEE2BDDEAE800D696DB /* MovieListingViewModel.swift in Sources */ = {isa = PBXBuildFile; fileRef = CA6FEEED2BDDEAE800D696DB /* MovieListingViewModel.swift */; };
		CA6FEEF12BDDEBDB00D696DB /* Kingfisher in Frameworks */ = {isa = PBXBuildFile; productRef = CA6FEEF02BDDEBDB00D696DB /* Kingfisher */; };
/* End PBXBuildFile section */

/* Begin PBXContainerItemProxy section */
		CA0FC3232BDD214800647BB0 /* PBXContainerItemProxy */ = {
			isa = PBXContainerItemProxy;
			containerPortal = CA0FC30A2BDD214700647BB0 /* Project object */;
			proxyType = 1;
			remoteGlobalIDString = CA0FC3112BDD214700647BB0;
			remoteInfo = AMtime;
		};
		CA0FC32D2BDD214800647BB0 /* PBXContainerItemProxy */ = {
			isa = PBXContainerItemProxy;
			containerPortal = CA0FC30A2BDD214700647BB0 /* Project object */;
			proxyType = 1;
			remoteGlobalIDString = CA0FC3112BDD214700647BB0;
			remoteInfo = AMtime;
		};
/* End PBXContainerItemProxy section */

/* Begin PBXFileReference section */
		1C9E85C02BDFD616004BB631 /* NowPlayingView.swift */ = {isa = PBXFileReference; lastKnownFileType = sourcecode.swift; path = NowPlayingView.swift; sourceTree = "<group>"; };
		1C9E85C22BDFD62E004BB631 /* PopularView.swift */ = {isa = PBXFileReference; lastKnownFileType = sourcecode.swift; path = PopularView.swift; sourceTree = "<group>"; };
		1C9E85C42BDFD642004BB631 /* UpcomingView.swift */ = {isa = PBXFileReference; lastKnownFileType = sourcecode.swift; path = UpcomingView.swift; sourceTree = "<group>"; };
		CA0FC3122BDD214700647BB0 /* AMtime.app */ = {isa = PBXFileReference; explicitFileType = wrapper.application; includeInIndex = 0; path = AMtime.app; sourceTree = BUILT_PRODUCTS_DIR; };
		CA0FC3152BDD214700647BB0 /* AMtimeApp.swift */ = {isa = PBXFileReference; lastKnownFileType = sourcecode.swift; path = AMtimeApp.swift; sourceTree = "<group>"; };
		CA0FC3172BDD214700647BB0 /* ContentView.swift */ = {isa = PBXFileReference; lastKnownFileType = sourcecode.swift; path = ContentView.swift; sourceTree = "<group>"; };
		CA0FC3192BDD214800647BB0 /* Assets.xcassets */ = {isa = PBXFileReference; lastKnownFileType = folder.assetcatalog; path = Assets.xcassets; sourceTree = "<group>"; };
		CA0FC31C2BDD214800647BB0 /* Preview Assets.xcassets */ = {isa = PBXFileReference; lastKnownFileType = folder.assetcatalog; path = "Preview Assets.xcassets"; sourceTree = "<group>"; };
		CA0FC3222BDD214800647BB0 /* AMtimeTests.xctest */ = {isa = PBXFileReference; explicitFileType = wrapper.cfbundle; includeInIndex = 0; path = AMtimeTests.xctest; sourceTree = BUILT_PRODUCTS_DIR; };
		CA0FC3262BDD214800647BB0 /* AMtimeTests.swift */ = {isa = PBXFileReference; lastKnownFileType = sourcecode.swift; path = AMtimeTests.swift; sourceTree = "<group>"; };
		CA0FC32C2BDD214800647BB0 /* AMtimeUITests.xctest */ = {isa = PBXFileReference; explicitFileType = wrapper.cfbundle; includeInIndex = 0; path = AMtimeUITests.xctest; sourceTree = BUILT_PRODUCTS_DIR; };
		CA0FC3302BDD214800647BB0 /* AMtimeUITests.swift */ = {isa = PBXFileReference; lastKnownFileType = sourcecode.swift; path = AMtimeUITests.swift; sourceTree = "<group>"; };
		CA0FC3322BDD214800647BB0 /* AMtimeUITestsLaunchTests.swift */ = {isa = PBXFileReference; lastKnownFileType = sourcecode.swift; path = AMtimeUITestsLaunchTests.swift; sourceTree = "<group>"; };
		CA6FEE082BDD225600D696DB /* ColorExt.swift */ = {isa = PBXFileReference; fileEncoding = 4; lastKnownFileType = sourcecode.swift; path = ColorExt.swift; sourceTree = "<group>"; };
		CA6FEE0B2BDD225F00D696DB /* data.json */ = {isa = PBXFileReference; fileEncoding = 4; lastKnownFileType = text.json; path = data.json; sourceTree = "<group>"; };
		CA6FEE0E2BDD226700D696DB /* 1917_land.jpg */ = {isa = PBXFileReference; lastKnownFileType = image.jpeg; path = 1917_land.jpg; sourceTree = "<group>"; };
		CA6FEE0F2BDD226700D696DB /* 1917.jpg */ = {isa = PBXFileReference; lastKnownFileType = image.jpeg; path = 1917.jpg; sourceTree = "<group>"; };
		CA6FEE102BDD226700D696DB /* adastra_land.jpg */ = {isa = PBXFileReference; lastKnownFileType = image.jpeg; path = adastra_land.jpg; sourceTree = "<group>"; };
		CA6FEE112BDD226700D696DB /* adastra.jpg */ = {isa = PBXFileReference; lastKnownFileType = image.jpeg; path = adastra.jpg; sourceTree = "<group>"; };
		CA6FEE122BDD226700D696DB /* angelinajolie.jpg */ = {isa = PBXFileReference; lastKnownFileType = image.jpeg; path = angelinajolie.jpg; sourceTree = "<group>"; };
		CA6FEE132BDD226700D696DB /* bombshell_land.jpg */ = {isa = PBXFileReference; lastKnownFileType = image.jpeg; path = bombshell_land.jpg; sourceTree = "<group>"; };
		CA6FEE142BDD226700D696DB /* bombshell.jpg */ = {isa = PBXFileReference; lastKnownFileType = image.jpeg; path = bombshell.jpg; sourceTree = "<group>"; };
		CA6FEE152BDD226700D696DB /* bradpitt.jpg */ = {isa = PBXFileReference; lastKnownFileType = image.jpeg; path = bradpitt.jpg; sourceTree = "<group>"; };
		CA6FEE162BDD226700D696DB /* cats_land.jpg */ = {isa = PBXFileReference; lastKnownFileType = image.jpeg; path = cats_land.jpg; sourceTree = "<group>"; };
		CA6FEE172BDD226700D696DB /* cats.jpg */ = {isa = PBXFileReference; lastKnownFileType = image.jpeg; path = cats.jpg; sourceTree = "<group>"; };
		CA6FEE182BDD226700D696DB /* choyeo.jpg */ = {isa = PBXFileReference; lastKnownFileType = image.jpeg; path = choyeo.jpg; sourceTree = "<group>"; };
		CA6FEE192BDD226700D696DB /* code_8_land.jpg */ = {isa = PBXFileReference; lastKnownFileType = image.jpeg; path = code_8_land.jpg; sourceTree = "<group>"; };
		CA6FEE1A2BDD226700D696DB /* code_8.jpg */ = {isa = PBXFileReference; lastKnownFileType = image.jpeg; path = code_8.jpg; sourceTree = "<group>"; };
		CA6FEE1B2BDD226700D696DB /* dwaynejohnson.jpg */ = {isa = PBXFileReference; lastKnownFileType = image.jpeg; path = dwaynejohnson.jpg; sourceTree = "<group>"; };
		CA6FEE1C2BDD226700D696DB /* frozen2_land.jpg */ = {isa = PBXFileReference; lastKnownFileType = image.jpeg; path = frozen2_land.jpg; sourceTree = "<group>"; };
		CA6FEE1D2BDD226700D696DB /* frozen2.jpg */ = {isa = PBXFileReference; lastKnownFileType = image.jpeg; path = frozen2.jpg; sourceTree = "<group>"; };
		CA6FEE1E2BDD226700D696DB /* garrison7_land.jpg */ = {isa = PBXFileReference; lastKnownFileType = image.jpeg; path = garrison7_land.jpg; sourceTree = "<group>"; };
		CA6FEE1F2BDD226700D696DB /* garrison7.jpg */ = {isa = PBXFileReference; lastKnownFileType = image.jpeg; path = garrison7.jpg; sourceTree = "<group>"; };
		CA6FEE202BDD226700D696DB /* henrycavil.jpg */ = {isa = PBXFileReference; lastKnownFileType = image.jpeg; path = henrycavil.jpg; sourceTree = "<group>"; };
		CA6FEE212BDD226700D696DB /* ipman4_land.jpg */ = {isa = PBXFileReference; lastKnownFileType = image.jpeg; path = ipman4_land.jpg; sourceTree = "<group>"; };
		CA6FEE222BDD226700D696DB /* ipman4.jpg */ = {isa = PBXFileReference; lastKnownFileType = image.jpeg; path = ipman4.jpg; sourceTree = "<group>"; };
		CA6FEE232BDD226700D696DB /* it2_land.jpg */ = {isa = PBXFileReference; lastKnownFileType = image.jpeg; path = it2_land.jpg; sourceTree = "<group>"; };
		CA6FEE242BDD226700D696DB /* it2.jpg */ = {isa = PBXFileReference; lastKnownFileType = image.jpeg; path = it2.jpg; sourceTree = "<group>"; };
		CA6FEE252BDD226700D696DB /* joker_land.jpg */ = {isa = PBXFileReference; lastKnownFileType = image.jpeg; path = joker_land.jpg; sourceTree = "<group>"; };
		CA6FEE262BDD226700D696DB /* joker.jpg */ = {isa = PBXFileReference; lastKnownFileType = image.jpeg; path = joker.jpg; sourceTree = "<group>"; };
		CA6FEE272BDD226700D696DB /* jumanji_land.jpg */ = {isa = PBXFileReference; lastKnownFileType = image.jpeg; path = jumanji_land.jpg; sourceTree = "<group>"; };
		CA6FEE282BDD226700D696DB /* jumanji.jpg */ = {isa = PBXFileReference; lastKnownFileType = image.jpeg; path = jumanji.jpg; sourceTree = "<group>"; };
		CA6FEE292BDD226700D696DB /* justmercy_land.jpg */ = {isa = PBXFileReference; lastKnownFileType = image.jpeg; path = justmercy_land.jpg; sourceTree = "<group>"; };
		CA6FEE2A2BDD226700D696DB /* justmercy.jpg */ = {isa = PBXFileReference; lastKnownFileType = image.jpeg; path = justmercy.jpg; sourceTree = "<group>"; };
		CA6FEE2B2BDD226700D696DB /* kaleycuoco.jpg */ = {isa = PBXFileReference; lastKnownFileType = image.jpeg; path = kaleycuoco.jpg; sourceTree = "<group>"; };
		CA6FEE2C2BDD226700D696DB /* keanureeves.jpg */ = {isa = PBXFileReference; lastKnownFileType = image.jpeg; path = keanureeves.jpg; sourceTree = "<group>"; };
		CA6FEE2D2BDD226700D696DB /* knivesout_land.jpg */ = {isa = PBXFileReference; lastKnownFileType = image.jpeg; path = knivesout_land.jpg; sourceTree = "<group>"; };
		CA6FEE2E2BDD226700D696DB /* knivesout.jpg */ = {isa = PBXFileReference; lastKnownFileType = image.jpeg; path = knivesout.jpg; sourceTree = "<group>"; };
		CA6FEE2F2BDD226700D696DB /* lilwoman_land.jpg */ = {isa = PBXFileReference; lastKnownFileType = image.jpeg; path = lilwoman_land.jpg; sourceTree = "<group>"; };
		CA6FEE302BDD226700D696DB /* lilwoman.jpg */ = {isa = PBXFileReference; lastKnownFileType = image.jpeg; path = lilwoman.jpg; sourceTree = "<group>"; };
		CA6FEE312BDD226700D696DB /* marriagestory_land.jpg */ = {isa = PBXFileReference; lastKnownFileType = image.jpeg; path = marriagestory_land.jpg; sourceTree = "<group>"; };
		CA6FEE322BDD226700D696DB /* marriagestory.jpg */ = {isa = PBXFileReference; lastKnownFileType = image.jpeg; path = marriagestory.jpg; sourceTree = "<group>"; };
		CA6FEE332BDD226700D696DB /* outih_land.jpg */ = {isa = PBXFileReference; lastKnownFileType = image.jpeg; path = outih_land.jpg; sourceTree = "<group>"; };
		CA6FEE342BDD226700D696DB /* outih.jpg */ = {isa = PBXFileReference; lastKnownFileType = image.jpeg; path = outih.jpg; sourceTree = "<group>"; };
		CA6FEE352BDD226700D696DB /* rambo_land.jpg */ = {isa = PBXFileReference; lastKnownFileType = image.jpeg; path = rambo_land.jpg; sourceTree = "<group>"; };
		CA6FEE362BDD226700D696DB /* rambo.jpg */ = {isa = PBXFileReference; lastKnownFileType = image.jpeg; path = rambo.jpg; sourceTree = "<group>"; };
		CA6FEE372BDD226700D696DB /* rebeccaferguson.jpg */ = {isa = PBXFileReference; lastKnownFileType = image.jpeg; path = rebeccaferguson.jpg; sourceTree = "<group>"; };
		CA6FEE382BDD226700D696DB /* rosebyrne.jpg */ = {isa = PBXFileReference; lastKnownFileType = image.jpeg; path = rosebyrne.jpg; sourceTree = "<group>"; };
		CA6FEE392BDD226700D696DB /* scarlJohan.jpg */ = {isa = PBXFileReference; lastKnownFileType = image.jpeg; path = scarlJohan.jpg; sourceTree = "<group>"; };
		CA6FEE3A2BDD226700D696DB /* spiesindisguise_land.jpg */ = {isa = PBXFileReference; lastKnownFileType = image.jpeg; path = spiesindisguise_land.jpg; sourceTree = "<group>"; };
		CA6FEE3B2BDD226700D696DB /* spiesindisguise.jpg */ = {isa = PBXFileReference; lastKnownFileType = image.jpeg; path = spiesindisguise.jpg; sourceTree = "<group>"; };
		CA6FEE3C2BDD226700D696DB /* starwars_land.jpg */ = {isa = PBXFileReference; lastKnownFileType = image.jpeg; path = starwars_land.jpg; sourceTree = "<group>"; };
		CA6FEE3D2BDD226700D696DB /* starwars.jpg */ = {isa = PBXFileReference; lastKnownFileType = image.jpeg; path = starwars.jpg; sourceTree = "<group>"; };
		CA6FEE3E2BDD226700D696DB /* thegrudge_land.jpg */ = {isa = PBXFileReference; lastKnownFileType = image.jpeg; path = thegrudge_land.jpg; sourceTree = "<group>"; };
		CA6FEE3F2BDD226700D696DB /* thegrudge.jpg */ = {isa = PBXFileReference; lastKnownFileType = image.jpeg; path = thegrudge.jpg; sourceTree = "<group>"; };
		CA6FEE402BDD226700D696DB /* theinformer_land.jpg */ = {isa = PBXFileReference; lastKnownFileType = image.jpeg; path = theinformer_land.jpg; sourceTree = "<group>"; };
		CA6FEE412BDD226700D696DB /* theinformer.jpg */ = {isa = PBXFileReference; lastKnownFileType = image.jpeg; path = theinformer.jpg; sourceTree = "<group>"; };
		CA6FEE422BDD226700D696DB /* thesongofnames_land.jpg */ = {isa = PBXFileReference; lastKnownFileType = image.jpeg; path = thesongofnames_land.jpg; sourceTree = "<group>"; };
		CA6FEE432BDD226700D696DB /* thesongofnames.jpg */ = {isa = PBXFileReference; lastKnownFileType = image.jpeg; path = thesongofnames.jpg; sourceTree = "<group>"; };
		CA6FEE442BDD226700D696DB /* uncutgems_land.jpg */ = {isa = PBXFileReference; lastKnownFileType = image.jpeg; path = uncutgems_land.jpg; sourceTree = "<group>"; };
		CA6FEE452BDD226700D696DB /* uncutgems.jpg */ = {isa = PBXFileReference; lastKnownFileType = image.jpeg; path = uncutgems.jpg; sourceTree = "<group>"; };
		CA6FEE462BDD226700D696DB /* underwater_land.jpg */ = {isa = PBXFileReference; lastKnownFileType = image.jpeg; path = underwater_land.jpg; sourceTree = "<group>"; };
		CA6FEE472BDD226700D696DB /* underwater.jpg */ = {isa = PBXFileReference; lastKnownFileType = image.jpeg; path = underwater.jpg; sourceTree = "<group>"; };
		CA6FEE8A2BDD240C00D696DB /* MovieViewModel.swift */ = {isa = PBXFileReference; fileEncoding = 4; lastKnownFileType = sourcecode.swift; path = MovieViewModel.swift; sourceTree = "<group>"; };
		CA6FEE8D2BDD245100D696DB /* MovieCollectionView.swift */ = {isa = PBXFileReference; fileEncoding = 4; lastKnownFileType = sourcecode.swift; path = MovieCollectionView.swift; sourceTree = "<group>"; };
		CA6FEE8F2BDD246300D696DB /* TrendingCell.swift */ = {isa = PBXFileReference; fileEncoding = 4; lastKnownFileType = sourcecode.swift; path = TrendingCell.swift; sourceTree = "<group>"; };
		CA6FEE912BDD247400D696DB /* PopularCell.swift */ = {isa = PBXFileReference; fileEncoding = 4; lastKnownFileType = sourcecode.swift; path = PopularCell.swift; sourceTree = "<group>"; };
		CA6FEE952BDD249D00D696DB /* UpcomingCell.swift */ = {isa = PBXFileReference; fileEncoding = 4; lastKnownFileType = sourcecode.swift; path = UpcomingCell.swift; sourceTree = "<group>"; };
		CA6FEE972BDD24B300D696DB /* HeaderView.swift */ = {isa = PBXFileReference; fileEncoding = 4; lastKnownFileType = sourcecode.swift; path = HeaderView.swift; sourceTree = "<group>"; };
		CA6FEE9A2BDD262200D696DB /* SingleMovieView.swift */ = {isa = PBXFileReference; fileEncoding = 4; lastKnownFileType = sourcecode.swift; path = SingleMovieView.swift; sourceTree = "<group>"; };
		CA6FEE9D2BDD267000D696DB /* MovieDetailView.swift */ = {isa = PBXFileReference; fileEncoding = 4; lastKnownFileType = sourcecode.swift; path = MovieDetailView.swift; sourceTree = "<group>"; };
		CA6FEE9F2BDD269700D696DB /* LCButton.swift */ = {isa = PBXFileReference; fileEncoding = 4; lastKnownFileType = sourcecode.swift; path = LCButton.swift; sourceTree = "<group>"; };
		CA6FEEA12BDD26A300D696DB /* LineRatingView.swift */ = {isa = PBXFileReference; fileEncoding = 4; lastKnownFileType = sourcecode.swift; path = LineRatingView.swift; sourceTree = "<group>"; };
		CA6FEEA52BDD277F00D696DB /* MovieListView.swift */ = {isa = PBXFileReference; fileEncoding = 4; lastKnownFileType = sourcecode.swift; path = MovieListView.swift; sourceTree = "<group>"; };
		CA6FEEA72BDD279400D696DB /* MovieListRow.swift */ = {isa = PBXFileReference; fileEncoding = 4; lastKnownFileType = sourcecode.swift; path = MovieListRow.swift; sourceTree = "<group>"; };
		CA6FEEAD2BDD2B7700D696DB /* TheatreView.swift */ = {isa = PBXFileReference; fileEncoding = 4; lastKnownFileType = sourcecode.swift; path = TheatreView.swift; sourceTree = "<group>"; };
		CA6FEEAF2BDD2B8E00D696DB /* Seat.swift */ = {isa = PBXFileReference; fileEncoding = 4; lastKnownFileType = sourcecode.swift; path = Seat.swift; sourceTree = "<group>"; };
		CA6FEEB22BDD2BA300D696DB /* ScreenShape.swift */ = {isa = PBXFileReference; fileEncoding = 4; lastKnownFileType = sourcecode.swift; path = ScreenShape.swift; sourceTree = "<group>"; };
		CA6FEEB42BDD2C1400D696DB /* ChairView.swift */ = {isa = PBXFileReference; fileEncoding = 4; lastKnownFileType = sourcecode.swift; path = ChairView.swift; sourceTree = "<group>"; };
		CA6FEEB62BDD2C5C00D696DB /* ChairLegend.swift */ = {isa = PBXFileReference; fileEncoding = 4; lastKnownFileType = sourcecode.swift; path = ChairLegend.swift; sourceTree = "<group>"; };
		CA6FEEB82BDD2CD700D696DB /* SeatsChoiceView.swift */ = {isa = PBXFileReference; lastKnownFileType = sourcecode.swift; path = SeatsChoiceView.swift; sourceTree = "<group>"; };
		CA6FEEBA2BDD2D0300D696DB /* TicketDate.swift */ = {isa = PBXFileReference; lastKnownFileType = sourcecode.swift; path = TicketDate.swift; sourceTree = "<group>"; };
		CA6FEEBC2BDD2DC900D696DB /* DateTimeView.swift */ = {isa = PBXFileReference; lastKnownFileType = sourcecode.swift; path = DateTimeView.swift; sourceTree = "<group>"; };
		CA6FEEBE2BDD2DF100D696DB /* DateExt.swift */ = {isa = PBXFileReference; lastKnownFileType = sourcecode.swift; path = DateExt.swift; sourceTree = "<group>"; };
		CA6FEEC02BDD2E2F00D696DB /* DateView.swift */ = {isa = PBXFileReference; lastKnownFileType = sourcecode.swift; path = DateView.swift; sourceTree = "<group>"; };
		CA6FEEC22BDD2E5500D696DB /* DateShape.swift */ = {isa = PBXFileReference; lastKnownFileType = sourcecode.swift; path = DateShape.swift; sourceTree = "<group>"; };
		CA6FEEC42BDD2EB100D696DB /* TimeView.swift */ = {isa = PBXFileReference; lastKnownFileType = sourcecode.swift; path = TimeView.swift; sourceTree = "<group>"; };
		CA6FEEC62BDD36E900D696DB /* BasketView.swift */ = {isa = PBXFileReference; lastKnownFileType = sourcecode.swift; path = BasketView.swift; sourceTree = "<group>"; };
		CA6FEEC82BDD370700D696DB /* Ticket.swift */ = {isa = PBXFileReference; lastKnownFileType = sourcecode.swift; path = Ticket.swift; sourceTree = "<group>"; };
		CA6FEECA2BDD373300D696DB /* TicketView.swift */ = {isa = PBXFileReference; lastKnownFileType = sourcecode.swift; path = TicketView.swift; sourceTree = "<group>"; };
		CA6FEECC2BDD376100D696DB /* TopTicketView.swift */ = {isa = PBXFileReference; lastKnownFileType = sourcecode.swift; path = TopTicketView.swift; sourceTree = "<group>"; };
		CA6FEECE2BDD376E00D696DB /* TicketDetailView.swift */ = {isa = PBXFileReference; lastKnownFileType = sourcecode.swift; path = TicketDetailView.swift; sourceTree = "<group>"; };
		CA6FEED02BDD377900D696DB /* BottomTicketView.swift */ = {isa = PBXFileReference; lastKnownFileType = sourcecode.swift; path = BottomTicketView.swift; sourceTree = "<group>"; };
		CA6FEED22BDD378900D696DB /* DashedSeperator.swift */ = {isa = PBXFileReference; lastKnownFileType = sourcecode.swift; path = DashedSeperator.swift; sourceTree = "<group>"; };
		CA6FEED42BDD379600D696DB /* TicketShape.swift */ = {isa = PBXFileReference; lastKnownFileType = sourcecode.swift; path = TicketShape.swift; sourceTree = "<group>"; };
		CA6FEED62BDD396600D696DB /* PaymentView.swift */ = {isa = PBXFileReference; lastKnownFileType = sourcecode.swift; path = PaymentView.swift; sourceTree = "<group>"; };
		CA6FEED82BDD39A400D696DB /* PaymentMethod.swift */ = {isa = PBXFileReference; lastKnownFileType = sourcecode.swift; path = PaymentMethod.swift; sourceTree = "<group>"; };
		CA6FEEDA2BDD3A1700D696DB /* LCTextfield.swift */ = {isa = PBXFileReference; lastKnownFileType = sourcecode.swift; path = LCTextfield.swift; sourceTree = "<group>"; };
		CA6FEEDC2BDD3B3B00D696DB /* OkView.swift */ = {isa = PBXFileReference; lastKnownFileType = sourcecode.swift; path = OkView.swift; sourceTree = "<group>"; };
		CA6FEEDE2BDD3B4B00D696DB /* LoadingView.swift */ = {isa = PBXFileReference; lastKnownFileType = sourcecode.swift; path = LoadingView.swift; sourceTree = "<group>"; };
		CA6FEEE02BDD3B6C00D696DB /* OkShape.swift */ = {isa = PBXFileReference; lastKnownFileType = sourcecode.swift; path = OkShape.swift; sourceTree = "<group>"; };
		CA6FEEE22BDD3C7F00D696DB /* AnyTransitionExt.swift */ = {isa = PBXFileReference; lastKnownFileType = sourcecode.swift; path = AnyTransitionExt.swift; sourceTree = "<group>"; };
		CA6FEEE42BDD3D8500D696DB /* NotificationCenterExt.swift */ = {isa = PBXFileReference; lastKnownFileType = sourcecode.swift; path = NotificationCenterExt.swift; sourceTree = "<group>"; };
		CA6FEEE62BDDCE8200D696DB /* URLExt.swift */ = {isa = PBXFileReference; lastKnownFileType = sourcecode.swift; path = URLExt.swift; sourceTree = "<group>"; };
		CA6FEEE82BDDE6C900D696DB /* Movie.swift */ = {isa = PBXFileReference; lastKnownFileType = sourcecode.swift; path = Movie.swift; sourceTree = "<group>"; };
		CA6FEEEB2BDDE76D00D696DB /* WebService.swift */ = {isa = PBXFileReference; lastKnownFileType = sourcecode.swift; path = WebService.swift; sourceTree = "<group>"; };
		CA6FEEED2BDDEAE800D696DB /* MovieListingViewModel.swift */ = {isa = PBXFileReference; lastKnownFileType = sourcecode.swift; path = MovieListingViewModel.swift; sourceTree = "<group>"; };
/* End PBXFileReference section */

/* Begin PBXFrameworksBuildPhase section */
		CA0FC30F2BDD214700647BB0 /* Frameworks */ = {
			isa = PBXFrameworksBuildPhase;
			buildActionMask = 2147483647;
			files = (
				CA6FEEF12BDDEBDB00D696DB /* Kingfisher in Frameworks */,
			);
			runOnlyForDeploymentPostprocessing = 0;
		};
		CA0FC31F2BDD214800647BB0 /* Frameworks */ = {
			isa = PBXFrameworksBuildPhase;
			buildActionMask = 2147483647;
			files = (
			);
			runOnlyForDeploymentPostprocessing = 0;
		};
		CA0FC3292BDD214800647BB0 /* Frameworks */ = {
			isa = PBXFrameworksBuildPhase;
			buildActionMask = 2147483647;
			files = (
			);
			runOnlyForDeploymentPostprocessing = 0;
		};
/* End PBXFrameworksBuildPhase section */

/* Begin PBXGroup section */
		1C9E85BF2BDFD57F004BB631 /* Cells */ = {
			isa = PBXGroup;
			children = (
				1C9E85C02BDFD616004BB631 /* NowPlayingView.swift */,
				1C9E85C22BDFD62E004BB631 /* PopularView.swift */,
				1C9E85C42BDFD642004BB631 /* UpcomingView.swift */,
			);
			path = Cells;
			sourceTree = "<group>";
		};
		CA0FC3092BDD214700647BB0 = {
			isa = PBXGroup;
			children = (
				CA0FC3142BDD214700647BB0 /* AMtime */,
				CA0FC3252BDD214800647BB0 /* AMtimeTests */,
				CA0FC32F2BDD214800647BB0 /* AMtimeUITests */,
				CA0FC3132BDD214700647BB0 /* Products */,
			);
			sourceTree = "<group>";
		};
		CA0FC3132BDD214700647BB0 /* Products */ = {
			isa = PBXGroup;
			children = (
				CA0FC3122BDD214700647BB0 /* AMtime.app */,
				CA0FC3222BDD214800647BB0 /* AMtimeTests.xctest */,
				CA0FC32C2BDD214800647BB0 /* AMtimeUITests.xctest */,
			);
			name = Products;
			sourceTree = "<group>";
		};
		CA0FC3142BDD214700647BB0 /* AMtime */ = {
			isa = PBXGroup;
			children = (
				CA6FEEEA2BDDE75C00D696DB /* Networking */,
				CA6FEEB12BDD2B9800D696DB /* Shape */,
				CA6FEE9C2BDD266000D696DB /* Views */,
				CA6FEE992BDD260900D696DB /* Screens */,
				CA6FEE8C2BDD243600D696DB /* UIKit */,
				CA6FEE892BDD23FC00D696DB /* ViewModel */,
				CA6FEE862BDD23B900D696DB /* Models */,
				CA6FEE482BDD226700D696DB /* Images */,
				CA6FEE0C2BDD225F00D696DB /* Data */,
				CA6FEE092BDD225600D696DB /* Extensions */,
				CA0FC31B2BDD214800647BB0 /* Preview Content */,
				CA0FC3152BDD214700647BB0 /* AMtimeApp.swift */,
				CA0FC3172BDD214700647BB0 /* ContentView.swift */,
				CA0FC3192BDD214800647BB0 /* Assets.xcassets */,
			);
			path = AMtime;
			sourceTree = "<group>";
		};
		CA0FC31B2BDD214800647BB0 /* Preview Content */ = {
			isa = PBXGroup;
			children = (
				CA0FC31C2BDD214800647BB0 /* Preview Assets.xcassets */,
			);
			path = "Preview Content";
			sourceTree = "<group>";
		};
		CA0FC3252BDD214800647BB0 /* AMtimeTests */ = {
			isa = PBXGroup;
			children = (
				CA0FC3262BDD214800647BB0 /* AMtimeTests.swift */,
			);
			path = AMtimeTests;
			sourceTree = "<group>";
		};
		CA0FC32F2BDD214800647BB0 /* AMtimeUITests */ = {
			isa = PBXGroup;
			children = (
				CA0FC3302BDD214800647BB0 /* AMtimeUITests.swift */,
				CA0FC3322BDD214800647BB0 /* AMtimeUITestsLaunchTests.swift */,
			);
			path = AMtimeUITests;
			sourceTree = "<group>";
		};
		CA6FEE092BDD225600D696DB /* Extensions */ = {
			isa = PBXGroup;
			children = (
				CA6FEE082BDD225600D696DB /* ColorExt.swift */,
				CA6FEEBE2BDD2DF100D696DB /* DateExt.swift */,
				CA6FEEE22BDD3C7F00D696DB /* AnyTransitionExt.swift */,
				CA6FEEE42BDD3D8500D696DB /* NotificationCenterExt.swift */,
				CA6FEEE62BDDCE8200D696DB /* URLExt.swift */,
			);
			path = Extensions;
			sourceTree = "<group>";
		};
		CA6FEE0C2BDD225F00D696DB /* Data */ = {
			isa = PBXGroup;
			children = (
				CA6FEE0B2BDD225F00D696DB /* data.json */,
			);
			path = Data;
			sourceTree = "<group>";
		};
		CA6FEE482BDD226700D696DB /* Images */ = {
			isa = PBXGroup;
			children = (
				CA6FEE0E2BDD226700D696DB /* 1917_land.jpg */,
				CA6FEE0F2BDD226700D696DB /* 1917.jpg */,
				CA6FEE102BDD226700D696DB /* adastra_land.jpg */,
				CA6FEE112BDD226700D696DB /* adastra.jpg */,
				CA6FEE122BDD226700D696DB /* angelinajolie.jpg */,
				CA6FEE132BDD226700D696DB /* bombshell_land.jpg */,
				CA6FEE142BDD226700D696DB /* bombshell.jpg */,
				CA6FEE152BDD226700D696DB /* bradpitt.jpg */,
				CA6FEE162BDD226700D696DB /* cats_land.jpg */,
				CA6FEE172BDD226700D696DB /* cats.jpg */,
				CA6FEE182BDD226700D696DB /* choyeo.jpg */,
				CA6FEE192BDD226700D696DB /* code_8_land.jpg */,
				CA6FEE1A2BDD226700D696DB /* code_8.jpg */,
				CA6FEE1B2BDD226700D696DB /* dwaynejohnson.jpg */,
				CA6FEE1C2BDD226700D696DB /* frozen2_land.jpg */,
				CA6FEE1D2BDD226700D696DB /* frozen2.jpg */,
				CA6FEE1E2BDD226700D696DB /* garrison7_land.jpg */,
				CA6FEE1F2BDD226700D696DB /* garrison7.jpg */,
				CA6FEE202BDD226700D696DB /* henrycavil.jpg */,
				CA6FEE212BDD226700D696DB /* ipman4_land.jpg */,
				CA6FEE222BDD226700D696DB /* ipman4.jpg */,
				CA6FEE232BDD226700D696DB /* it2_land.jpg */,
				CA6FEE242BDD226700D696DB /* it2.jpg */,
				CA6FEE252BDD226700D696DB /* joker_land.jpg */,
				CA6FEE262BDD226700D696DB /* joker.jpg */,
				CA6FEE272BDD226700D696DB /* jumanji_land.jpg */,
				CA6FEE282BDD226700D696DB /* jumanji.jpg */,
				CA6FEE292BDD226700D696DB /* justmercy_land.jpg */,
				CA6FEE2A2BDD226700D696DB /* justmercy.jpg */,
				CA6FEE2B2BDD226700D696DB /* kaleycuoco.jpg */,
				CA6FEE2C2BDD226700D696DB /* keanureeves.jpg */,
				CA6FEE2D2BDD226700D696DB /* knivesout_land.jpg */,
				CA6FEE2E2BDD226700D696DB /* knivesout.jpg */,
				CA6FEE2F2BDD226700D696DB /* lilwoman_land.jpg */,
				CA6FEE302BDD226700D696DB /* lilwoman.jpg */,
				CA6FEE312BDD226700D696DB /* marriagestory_land.jpg */,
				CA6FEE322BDD226700D696DB /* marriagestory.jpg */,
				CA6FEE332BDD226700D696DB /* outih_land.jpg */,
				CA6FEE342BDD226700D696DB /* outih.jpg */,
				CA6FEE352BDD226700D696DB /* rambo_land.jpg */,
				CA6FEE362BDD226700D696DB /* rambo.jpg */,
				CA6FEE372BDD226700D696DB /* rebeccaferguson.jpg */,
				CA6FEE382BDD226700D696DB /* rosebyrne.jpg */,
				CA6FEE392BDD226700D696DB /* scarlJohan.jpg */,
				CA6FEE3A2BDD226700D696DB /* spiesindisguise_land.jpg */,
				CA6FEE3B2BDD226700D696DB /* spiesindisguise.jpg */,
				CA6FEE3C2BDD226700D696DB /* starwars_land.jpg */,
				CA6FEE3D2BDD226700D696DB /* starwars.jpg */,
				CA6FEE3E2BDD226700D696DB /* thegrudge_land.jpg */,
				CA6FEE3F2BDD226700D696DB /* thegrudge.jpg */,
				CA6FEE402BDD226700D696DB /* theinformer_land.jpg */,
				CA6FEE412BDD226700D696DB /* theinformer.jpg */,
				CA6FEE422BDD226700D696DB /* thesongofnames_land.jpg */,
				CA6FEE432BDD226700D696DB /* thesongofnames.jpg */,
				CA6FEE442BDD226700D696DB /* uncutgems_land.jpg */,
				CA6FEE452BDD226700D696DB /* uncutgems.jpg */,
				CA6FEE462BDD226700D696DB /* underwater_land.jpg */,
				CA6FEE472BDD226700D696DB /* underwater.jpg */,
			);
			path = Images;
			sourceTree = "<group>";
		};
		CA6FEE862BDD23B900D696DB /* Models */ = {
			isa = PBXGroup;
			children = (
				CA6FEEAF2BDD2B8E00D696DB /* Seat.swift */,
				CA6FEEBA2BDD2D0300D696DB /* TicketDate.swift */,
				CA6FEEC82BDD370700D696DB /* Ticket.swift */,
				CA6FEED82BDD39A400D696DB /* PaymentMethod.swift */,
				CA6FEEE82BDDE6C900D696DB /* Movie.swift */,
			);
			path = Models;
			sourceTree = "<group>";
		};
		CA6FEE892BDD23FC00D696DB /* ViewModel */ = {
			isa = PBXGroup;
			children = (
				CA6FEE8A2BDD240C00D696DB /* MovieViewModel.swift */,
				CA6FEEED2BDDEAE800D696DB /* MovieListingViewModel.swift */,
			);
			path = ViewModel;
			sourceTree = "<group>";
		};
		CA6FEE8C2BDD243600D696DB /* UIKit */ = {
			isa = PBXGroup;
			children = (
				CA6FEE972BDD24B300D696DB /* HeaderView.swift */,
				CA6FEE952BDD249D00D696DB /* UpcomingCell.swift */,
				CA6FEE912BDD247400D696DB /* PopularCell.swift */,
				CA6FEE8F2BDD246300D696DB /* TrendingCell.swift */,
				CA6FEE8D2BDD245100D696DB /* MovieCollectionView.swift */,
			);
			path = UIKit;
			sourceTree = "<group>";
		};
		CA6FEE992BDD260900D696DB /* Screens */ = {
			isa = PBXGroup;
			children = (
				CA6FEE9A2BDD262200D696DB /* SingleMovieView.swift */,
				CA6FEEA52BDD277F00D696DB /* MovieListView.swift */,
				CA6FEEB82BDD2CD700D696DB /* SeatsChoiceView.swift */,
				CA6FEEC62BDD36E900D696DB /* BasketView.swift */,
				CA6FEED62BDD396600D696DB /* PaymentView.swift */,
			);
			path = Screens;
			sourceTree = "<group>";
		};
		CA6FEE9C2BDD266000D696DB /* Views */ = {
			isa = PBXGroup;
			children = (
				1C9E85BF2BDFD57F004BB631 /* Cells */,
				CA6FEE9D2BDD267000D696DB /* MovieDetailView.swift */,
				CA6FEE9F2BDD269700D696DB /* LCButton.swift */,
				CA6FEEA12BDD26A300D696DB /* LineRatingView.swift */,
				CA6FEEA72BDD279400D696DB /* MovieListRow.swift */,
				CA6FEEAD2BDD2B7700D696DB /* TheatreView.swift */,
				CA6FEEB42BDD2C1400D696DB /* ChairView.swift */,
				CA6FEEB62BDD2C5C00D696DB /* ChairLegend.swift */,
				CA6FEEBC2BDD2DC900D696DB /* DateTimeView.swift */,
				CA6FEEC02BDD2E2F00D696DB /* DateView.swift */,
				CA6FEEC42BDD2EB100D696DB /* TimeView.swift */,
				CA6FEECA2BDD373300D696DB /* TicketView.swift */,
				CA6FEECC2BDD376100D696DB /* TopTicketView.swift */,
				CA6FEECE2BDD376E00D696DB /* TicketDetailView.swift */,
				CA6FEED02BDD377900D696DB /* BottomTicketView.swift */,
				CA6FEEDA2BDD3A1700D696DB /* LCTextfield.swift */,
				CA6FEEDC2BDD3B3B00D696DB /* OkView.swift */,
				CA6FEEDE2BDD3B4B00D696DB /* LoadingView.swift */,
			);
			path = Views;
			sourceTree = "<group>";
		};
		CA6FEEB12BDD2B9800D696DB /* Shape */ = {
			isa = PBXGroup;
			children = (
				CA6FEEB22BDD2BA300D696DB /* ScreenShape.swift */,
				CA6FEEC22BDD2E5500D696DB /* DateShape.swift */,
				CA6FEED22BDD378900D696DB /* DashedSeperator.swift */,
				CA6FEED42BDD379600D696DB /* TicketShape.swift */,
				CA6FEEE02BDD3B6C00D696DB /* OkShape.swift */,
			);
			path = Shape;
			sourceTree = "<group>";
		};
		CA6FEEEA2BDDE75C00D696DB /* Networking */ = {
			isa = PBXGroup;
			children = (
				CA6FEEEB2BDDE76D00D696DB /* WebService.swift */,
			);
			path = Networking;
			sourceTree = "<group>";
		};
/* End PBXGroup section */

/* Begin PBXNativeTarget section */
		CA0FC3112BDD214700647BB0 /* AMtime */ = {
			isa = PBXNativeTarget;
			buildConfigurationList = CA0FC3362BDD214800647BB0 /* Build configuration list for PBXNativeTarget "AMtime" */;
			buildPhases = (
				CA0FC30E2BDD214700647BB0 /* Sources */,
				CA0FC30F2BDD214700647BB0 /* Frameworks */,
				CA0FC3102BDD214700647BB0 /* Resources */,
			);
			buildRules = (
			);
			dependencies = (
			);
			name = AMtime;
			packageProductDependencies = (
				CA6FEEF02BDDEBDB00D696DB /* Kingfisher */,
			);
			productName = AMtime;
			productReference = CA0FC3122BDD214700647BB0 /* AMtime.app */;
			productType = "com.apple.product-type.application";
		};
		CA0FC3212BDD214800647BB0 /* AMtimeTests */ = {
			isa = PBXNativeTarget;
			buildConfigurationList = CA0FC3392BDD214800647BB0 /* Build configuration list for PBXNativeTarget "AMtimeTests" */;
			buildPhases = (
				CA0FC31E2BDD214800647BB0 /* Sources */,
				CA0FC31F2BDD214800647BB0 /* Frameworks */,
				CA0FC3202BDD214800647BB0 /* Resources */,
			);
			buildRules = (
			);
			dependencies = (
				CA0FC3242BDD214800647BB0 /* PBXTargetDependency */,
			);
			name = AMtimeTests;
			productName = AMtimeTests;
			productReference = CA0FC3222BDD214800647BB0 /* AMtimeTests.xctest */;
			productType = "com.apple.product-type.bundle.unit-test";
		};
		CA0FC32B2BDD214800647BB0 /* AMtimeUITests */ = {
			isa = PBXNativeTarget;
			buildConfigurationList = CA0FC33C2BDD214800647BB0 /* Build configuration list for PBXNativeTarget "AMtimeUITests" */;
			buildPhases = (
				CA0FC3282BDD214800647BB0 /* Sources */,
				CA0FC3292BDD214800647BB0 /* Frameworks */,
				CA0FC32A2BDD214800647BB0 /* Resources */,
			);
			buildRules = (
			);
			dependencies = (
				CA0FC32E2BDD214800647BB0 /* PBXTargetDependency */,
			);
			name = AMtimeUITests;
			productName = AMtimeUITests;
			productReference = CA0FC32C2BDD214800647BB0 /* AMtimeUITests.xctest */;
			productType = "com.apple.product-type.bundle.ui-testing";
		};
/* End PBXNativeTarget section */

/* Begin PBXProject section */
		CA0FC30A2BDD214700647BB0 /* Project object */ = {
			isa = PBXProject;
			attributes = {
				BuildIndependentTargetsInParallel = 1;
				LastSwiftUpdateCheck = 1530;
				LastUpgradeCheck = 1530;
				TargetAttributes = {
					CA0FC3112BDD214700647BB0 = {
						CreatedOnToolsVersion = 15.3;
					};
					CA0FC3212BDD214800647BB0 = {
						CreatedOnToolsVersion = 15.3;
						TestTargetID = CA0FC3112BDD214700647BB0;
					};
					CA0FC32B2BDD214800647BB0 = {
						CreatedOnToolsVersion = 15.3;
						TestTargetID = CA0FC3112BDD214700647BB0;
					};
				};
			};
			buildConfigurationList = CA0FC30D2BDD214700647BB0 /* Build configuration list for PBXProject "AMtime" */;
			compatibilityVersion = "Xcode 14.0";
			developmentRegion = en;
			hasScannedForEncodings = 0;
			knownRegions = (
				en,
				Base,
			);
			mainGroup = CA0FC3092BDD214700647BB0;
			packageReferences = (
				CA6FEEEF2BDDEBDB00D696DB /* XCRemoteSwiftPackageReference "Kingfisher" */,
			);
			productRefGroup = CA0FC3132BDD214700647BB0 /* Products */;
			projectDirPath = "";
			projectRoot = "";
			targets = (
				CA0FC3112BDD214700647BB0 /* AMtime */,
				CA0FC3212BDD214800647BB0 /* AMtimeTests */,
				CA0FC32B2BDD214800647BB0 /* AMtimeUITests */,
			);
		};
/* End PBXProject section */

/* Begin PBXResourcesBuildPhase section */
		CA0FC3102BDD214700647BB0 /* Resources */ = {
			isa = PBXResourcesBuildPhase;
			buildActionMask = 2147483647;
			files = (
				CA6FEE662BDD226700D696DB /* kaleycuoco.jpg in Resources */,
				CA6FEE812BDD226700D696DB /* underwater_land.jpg in Resources */,
				CA6FEE712BDD226700D696DB /* rambo.jpg in Resources */,
				CA6FEE7B2BDD226700D696DB /* theinformer_land.jpg in Resources */,
				CA6FEE7A2BDD226700D696DB /* thegrudge.jpg in Resources */,
				CA6FEE792BDD226700D696DB /* thegrudge_land.jpg in Resources */,
				CA6FEE632BDD226700D696DB /* jumanji.jpg in Resources */,
				CA6FEE602BDD226700D696DB /* joker_land.jpg in Resources */,
				CA6FEE652BDD226700D696DB /* justmercy.jpg in Resources */,
				CA6FEE542BDD226700D696DB /* code_8_land.jpg in Resources */,
				CA6FEE492BDD226700D696DB /* 1917_land.jpg in Resources */,
				CA6FEE4C2BDD226700D696DB /* adastra.jpg in Resources */,
				CA6FEE582BDD226700D696DB /* frozen2.jpg in Resources */,
				CA6FEE742BDD226700D696DB /* scarlJohan.jpg in Resources */,
				CA6FEE4D2BDD226700D696DB /* angelinajolie.jpg in Resources */,
				CA6FEE4B2BDD226700D696DB /* adastra_land.jpg in Resources */,
				CA6FEE562BDD226700D696DB /* dwaynejohnson.jpg in Resources */,
				CA6FEE5F2BDD226700D696DB /* it2.jpg in Resources */,
				CA6FEE6B2BDD226700D696DB /* lilwoman.jpg in Resources */,
				CA6FEE6F2BDD226700D696DB /* outih.jpg in Resources */,
				CA6FEE4E2BDD226700D696DB /* bombshell_land.jpg in Resources */,
				CA6FEE5C2BDD226700D696DB /* ipman4_land.jpg in Resources */,
				CA6FEE612BDD226700D696DB /* joker.jpg in Resources */,
				CA6FEE782BDD226700D696DB /* starwars.jpg in Resources */,
				CA6FEE522BDD226700D696DB /* cats.jpg in Resources */,
				CA6FEE7C2BDD226700D696DB /* theinformer.jpg in Resources */,
				CA6FEE702BDD226700D696DB /* rambo_land.jpg in Resources */,
				CA6FEE6D2BDD226700D696DB /* marriagestory.jpg in Resources */,
				CA6FEE732BDD226700D696DB /* rosebyrne.jpg in Resources */,
				CA6FEE672BDD226700D696DB /* keanureeves.jpg in Resources */,
				CA6FEE6A2BDD226700D696DB /* lilwoman_land.jpg in Resources */,
				CA6FEE642BDD226700D696DB /* justmercy_land.jpg in Resources */,
				CA6FEE6C2BDD226700D696DB /* marriagestory_land.jpg in Resources */,
				CA0FC31D2BDD214800647BB0 /* Preview Assets.xcassets in Resources */,
				CA6FEE4A2BDD226700D696DB /* 1917.jpg in Resources */,
				CA6FEE772BDD226700D696DB /* starwars_land.jpg in Resources */,
				CA6FEE752BDD226700D696DB /* spiesindisguise_land.jpg in Resources */,
				CA6FEE692BDD226700D696DB /* knivesout.jpg in Resources */,
				CA6FEE0D2BDD225F00D696DB /* data.json in Resources */,
				CA6FEE5A2BDD226700D696DB /* garrison7.jpg in Resources */,
				CA6FEE682BDD226700D696DB /* knivesout_land.jpg in Resources */,
				CA6FEE502BDD226700D696DB /* bradpitt.jpg in Resources */,
				CA6FEE822BDD226700D696DB /* underwater.jpg in Resources */,
				CA6FEE552BDD226700D696DB /* code_8.jpg in Resources */,
				CA6FEE512BDD226700D696DB /* cats_land.jpg in Resources */,
				CA6FEE5E2BDD226700D696DB /* it2_land.jpg in Resources */,
				CA6FEE762BDD226700D696DB /* spiesindisguise.jpg in Resources */,
				CA6FEE7D2BDD226700D696DB /* thesongofnames_land.jpg in Resources */,
				CA6FEE802BDD226700D696DB /* uncutgems.jpg in Resources */,
				CA6FEE7F2BDD226700D696DB /* uncutgems_land.jpg in Resources */,
				CA6FEE4F2BDD226700D696DB /* bombshell.jpg in Resources */,
				CA6FEE5D2BDD226700D696DB /* ipman4.jpg in Resources */,
				CA6FEE532BDD226700D696DB /* choyeo.jpg in Resources */,
				CA0FC31A2BDD214800647BB0 /* Assets.xcassets in Resources */,
				CA6FEE572BDD226700D696DB /* frozen2_land.jpg in Resources */,
				CA6FEE5B2BDD226700D696DB /* henrycavil.jpg in Resources */,
				CA6FEE622BDD226700D696DB /* jumanji_land.jpg in Resources */,
				CA6FEE6E2BDD226700D696DB /* outih_land.jpg in Resources */,
				CA6FEE7E2BDD226700D696DB /* thesongofnames.jpg in Resources */,
				CA6FEE592BDD226700D696DB /* garrison7_land.jpg in Resources */,
				CA6FEE722BDD226700D696DB /* rebeccaferguson.jpg in Resources */,
			);
			runOnlyForDeploymentPostprocessing = 0;
		};
		CA0FC3202BDD214800647BB0 /* Resources */ = {
			isa = PBXResourcesBuildPhase;
			buildActionMask = 2147483647;
			files = (
			);
			runOnlyForDeploymentPostprocessing = 0;
		};
		CA0FC32A2BDD214800647BB0 /* Resources */ = {
			isa = PBXResourcesBuildPhase;
			buildActionMask = 2147483647;
			files = (
			);
			runOnlyForDeploymentPostprocessing = 0;
		};
/* End PBXResourcesBuildPhase section */

/* Begin PBXSourcesBuildPhase section */
		CA0FC30E2BDD214700647BB0 /* Sources */ = {
			isa = PBXSourcesBuildPhase;
			buildActionMask = 2147483647;
			files = (
				CA6FEECD2BDD376100D696DB /* TopTicketView.swift in Sources */,
				CA6FEEDB2BDD3A1700D696DB /* LCTextfield.swift in Sources */,
				CA6FEEC72BDD36E900D696DB /* BasketView.swift in Sources */,
				CA6FEEC12BDD2E2F00D696DB /* DateView.swift in Sources */,
				CA6FEEE92BDDE6C900D696DB /* Movie.swift in Sources */,
				CA6FEED92BDD39A400D696DB /* PaymentMethod.swift in Sources */,
				CA6FEE902BDD246300D696DB /* TrendingCell.swift in Sources */,
				CA6FEEA82BDD279400D696DB /* MovieListRow.swift in Sources */,
				CA6FEE9B2BDD262200D696DB /* SingleMovieView.swift in Sources */,
				CA6FEEDF2BDD3B4B00D696DB /* LoadingView.swift in Sources */,
				CA6FEEBB2BDD2D0300D696DB /* TicketDate.swift in Sources */,
				CA6FEE962BDD249D00D696DB /* UpcomingCell.swift in Sources */,
				CA6FEEB52BDD2C1400D696DB /* ChairView.swift in Sources */,
				CA6FEEA62BDD277F00D696DB /* MovieListView.swift in Sources */,
				CA6FEEBF2BDD2DF100D696DB /* DateExt.swift in Sources */,
				CA6FEED12BDD377900D696DB /* BottomTicketView.swift in Sources */,
				CA6FEEE52BDD3D8500D696DB /* NotificationCenterExt.swift in Sources */,
				CA0FC3182BDD214700647BB0 /* ContentView.swift in Sources */,
				1C9E85C12BDFD616004BB631 /* NowPlayingView.swift in Sources */,
				CA6FEEA02BDD269700D696DB /* LCButton.swift in Sources */,
				CA6FEEC92BDD370700D696DB /* Ticket.swift in Sources */,
				CA6FEEE32BDD3C7F00D696DB /* AnyTransitionExt.swift in Sources */,
				1C9E85C52BDFD642004BB631 /* UpcomingView.swift in Sources */,
				CA6FEEB72BDD2C5C00D696DB /* ChairLegend.swift in Sources */,
				CA6FEE8B2BDD240C00D696DB /* MovieViewModel.swift in Sources */,
				CA6FEEDD2BDD3B3B00D696DB /* OkView.swift in Sources */,
				CA6FEED32BDD378900D696DB /* DashedSeperator.swift in Sources */,
				1C9E85C32BDFD62E004BB631 /* PopularView.swift in Sources */,
				CA6FEEBD2BDD2DC900D696DB /* DateTimeView.swift in Sources */,
				CA6FEEB92BDD2CD700D696DB /* SeatsChoiceView.swift in Sources */,
				CA6FEEB02BDD2B8E00D696DB /* Seat.swift in Sources */,
				CA6FEEC52BDD2EB100D696DB /* TimeView.swift in Sources */,
				CA6FEE0A2BDD225600D696DB /* ColorExt.swift in Sources */,
				CA6FEEA22BDD26A300D696DB /* LineRatingView.swift in Sources */,
				CA6FEE9E2BDD267000D696DB /* MovieDetailView.swift in Sources */,
				CA6FEEAE2BDD2B7700D696DB /* TheatreView.swift in Sources */,
				CA6FEEC32BDD2E5500D696DB /* DateShape.swift in Sources */,
				CA0FC3162BDD214700647BB0 /* AMtimeApp.swift in Sources */,
				CA6FEEEC2BDDE76D00D696DB /* WebService.swift in Sources */,
				CA6FEE982BDD24B300D696DB /* HeaderView.swift in Sources */,
				CA6FEECF2BDD376E00D696DB /* TicketDetailView.swift in Sources */,
				CA6FEED52BDD379600D696DB /* TicketShape.swift in Sources */,
				CA6FEEB32BDD2BA300D696DB /* ScreenShape.swift in Sources */,
				CA6FEECB2BDD373300D696DB /* TicketView.swift in Sources */,
				CA6FEED72BDD396600D696DB /* PaymentView.swift in Sources */,
				CA6FEE8E2BDD245100D696DB /* MovieCollectionView.swift in Sources */,
				CA6FEEE72BDDCE8200D696DB /* URLExt.swift in Sources */,
				CA6FEE922BDD247400D696DB /* PopularCell.swift in Sources */,
				CA6FEEEE2BDDEAE800D696DB /* MovieListingViewModel.swift in Sources */,
				CA6FEEE12BDD3B6C00D696DB /* OkShape.swift in Sources */,
			);
			runOnlyForDeploymentPostprocessing = 0;
		};
		CA0FC31E2BDD214800647BB0 /* Sources */ = {
			isa = PBXSourcesBuildPhase;
			buildActionMask = 2147483647;
			files = (
				CA0FC3272BDD214800647BB0 /* AMtimeTests.swift in Sources */,
			);
			runOnlyForDeploymentPostprocessing = 0;
		};
		CA0FC3282BDD214800647BB0 /* Sources */ = {
			isa = PBXSourcesBuildPhase;
			buildActionMask = 2147483647;
			files = (
				CA0FC3312BDD214800647BB0 /* AMtimeUITests.swift in Sources */,
				CA0FC3332BDD214800647BB0 /* AMtimeUITestsLaunchTests.swift in Sources */,
			);
			runOnlyForDeploymentPostprocessing = 0;
		};
/* End PBXSourcesBuildPhase section */

/* Begin PBXTargetDependency section */
		CA0FC3242BDD214800647BB0 /* PBXTargetDependency */ = {
			isa = PBXTargetDependency;
			target = CA0FC3112BDD214700647BB0 /* AMtime */;
			targetProxy = CA0FC3232BDD214800647BB0 /* PBXContainerItemProxy */;
		};
		CA0FC32E2BDD214800647BB0 /* PBXTargetDependency */ = {
			isa = PBXTargetDependency;
			target = CA0FC3112BDD214700647BB0 /* AMtime */;
			targetProxy = CA0FC32D2BDD214800647BB0 /* PBXContainerItemProxy */;
		};
/* End PBXTargetDependency section */

/* Begin XCBuildConfiguration section */
		CA0FC3342BDD214800647BB0 /* Debug */ = {
			isa = XCBuildConfiguration;
			buildSettings = {
				ALWAYS_SEARCH_USER_PATHS = NO;
				ASSETCATALOG_COMPILER_GENERATE_SWIFT_ASSET_SYMBOL_EXTENSIONS = NO;
				CLANG_ANALYZER_NONNULL = YES;
				CLANG_ANALYZER_NUMBER_OBJECT_CONVERSION = YES_AGGRESSIVE;
				CLANG_CXX_LANGUAGE_STANDARD = "gnu++20";
				CLANG_ENABLE_MODULES = YES;
				CLANG_ENABLE_OBJC_ARC = YES;
				CLANG_ENABLE_OBJC_WEAK = YES;
				CLANG_WARN_BLOCK_CAPTURE_AUTORELEASING = YES;
				CLANG_WARN_BOOL_CONVERSION = YES;
				CLANG_WARN_COMMA = YES;
				CLANG_WARN_CONSTANT_CONVERSION = YES;
				CLANG_WARN_DEPRECATED_OBJC_IMPLEMENTATIONS = YES;
				CLANG_WARN_DIRECT_OBJC_ISA_USAGE = YES_ERROR;
				CLANG_WARN_DOCUMENTATION_COMMENTS = YES;
				CLANG_WARN_EMPTY_BODY = YES;
				CLANG_WARN_ENUM_CONVERSION = YES;
				CLANG_WARN_INFINITE_RECURSION = YES;
				CLANG_WARN_INT_CONVERSION = YES;
				CLANG_WARN_NON_LITERAL_NULL_CONVERSION = YES;
				CLANG_WARN_OBJC_IMPLICIT_RETAIN_SELF = YES;
				CLANG_WARN_OBJC_LITERAL_CONVERSION = YES;
				CLANG_WARN_OBJC_ROOT_CLASS = YES_ERROR;
				CLANG_WARN_QUOTED_INCLUDE_IN_FRAMEWORK_HEADER = YES;
				CLANG_WARN_RANGE_LOOP_ANALYSIS = YES;
				CLANG_WARN_STRICT_PROTOTYPES = YES;
				CLANG_WARN_SUSPICIOUS_MOVE = YES;
				CLANG_WARN_UNGUARDED_AVAILABILITY = YES_AGGRESSIVE;
				CLANG_WARN_UNREACHABLE_CODE = YES;
				CLANG_WARN__DUPLICATE_METHOD_MATCH = YES;
				COPY_PHASE_STRIP = NO;
				DEBUG_INFORMATION_FORMAT = dwarf;
				ENABLE_STRICT_OBJC_MSGSEND = YES;
				ENABLE_TESTABILITY = YES;
				ENABLE_USER_SCRIPT_SANDBOXING = YES;
				GCC_C_LANGUAGE_STANDARD = gnu17;
				GCC_DYNAMIC_NO_PIC = NO;
				GCC_NO_COMMON_BLOCKS = YES;
				GCC_OPTIMIZATION_LEVEL = 0;
				GCC_PREPROCESSOR_DEFINITIONS = (
					"DEBUG=1",
					"$(inherited)",
				);
				GCC_WARN_64_TO_32_BIT_CONVERSION = YES;
				GCC_WARN_ABOUT_RETURN_TYPE = YES_ERROR;
				GCC_WARN_UNDECLARED_SELECTOR = YES;
				GCC_WARN_UNINITIALIZED_AUTOS = YES_AGGRESSIVE;
				GCC_WARN_UNUSED_FUNCTION = YES;
				GCC_WARN_UNUSED_VARIABLE = YES;
				IPHONEOS_DEPLOYMENT_TARGET = 17.4;
				LOCALIZATION_PREFERS_STRING_CATALOGS = YES;
				MTL_ENABLE_DEBUG_INFO = INCLUDE_SOURCE;
				MTL_FAST_MATH = YES;
				ONLY_ACTIVE_ARCH = YES;
				SDKROOT = iphoneos;
				SWIFT_ACTIVE_COMPILATION_CONDITIONS = "DEBUG $(inherited)";
				SWIFT_OPTIMIZATION_LEVEL = "-Onone";
			};
			name = Debug;
		};
		CA0FC3352BDD214800647BB0 /* Release */ = {
			isa = XCBuildConfiguration;
			buildSettings = {
				ALWAYS_SEARCH_USER_PATHS = NO;
				ASSETCATALOG_COMPILER_GENERATE_SWIFT_ASSET_SYMBOL_EXTENSIONS = NO;
				CLANG_ANALYZER_NONNULL = YES;
				CLANG_ANALYZER_NUMBER_OBJECT_CONVERSION = YES_AGGRESSIVE;
				CLANG_CXX_LANGUAGE_STANDARD = "gnu++20";
				CLANG_ENABLE_MODULES = YES;
				CLANG_ENABLE_OBJC_ARC = YES;
				CLANG_ENABLE_OBJC_WEAK = YES;
				CLANG_WARN_BLOCK_CAPTURE_AUTORELEASING = YES;
				CLANG_WARN_BOOL_CONVERSION = YES;
				CLANG_WARN_COMMA = YES;
				CLANG_WARN_CONSTANT_CONVERSION = YES;
				CLANG_WARN_DEPRECATED_OBJC_IMPLEMENTATIONS = YES;
				CLANG_WARN_DIRECT_OBJC_ISA_USAGE = YES_ERROR;
				CLANG_WARN_DOCUMENTATION_COMMENTS = YES;
				CLANG_WARN_EMPTY_BODY = YES;
				CLANG_WARN_ENUM_CONVERSION = YES;
				CLANG_WARN_INFINITE_RECURSION = YES;
				CLANG_WARN_INT_CONVERSION = YES;
				CLANG_WARN_NON_LITERAL_NULL_CONVERSION = YES;
				CLANG_WARN_OBJC_IMPLICIT_RETAIN_SELF = YES;
				CLANG_WARN_OBJC_LITERAL_CONVERSION = YES;
				CLANG_WARN_OBJC_ROOT_CLASS = YES_ERROR;
				CLANG_WARN_QUOTED_INCLUDE_IN_FRAMEWORK_HEADER = YES;
				CLANG_WARN_RANGE_LOOP_ANALYSIS = YES;
				CLANG_WARN_STRICT_PROTOTYPES = YES;
				CLANG_WARN_SUSPICIOUS_MOVE = YES;
				CLANG_WARN_UNGUARDED_AVAILABILITY = YES_AGGRESSIVE;
				CLANG_WARN_UNREACHABLE_CODE = YES;
				CLANG_WARN__DUPLICATE_METHOD_MATCH = YES;
				COPY_PHASE_STRIP = NO;
				DEBUG_INFORMATION_FORMAT = "dwarf-with-dsym";
				ENABLE_NS_ASSERTIONS = NO;
				ENABLE_STRICT_OBJC_MSGSEND = YES;
				ENABLE_USER_SCRIPT_SANDBOXING = YES;
				GCC_C_LANGUAGE_STANDARD = gnu17;
				GCC_NO_COMMON_BLOCKS = YES;
				GCC_WARN_64_TO_32_BIT_CONVERSION = YES;
				GCC_WARN_ABOUT_RETURN_TYPE = YES_ERROR;
				GCC_WARN_UNDECLARED_SELECTOR = YES;
				GCC_WARN_UNINITIALIZED_AUTOS = YES_AGGRESSIVE;
				GCC_WARN_UNUSED_FUNCTION = YES;
				GCC_WARN_UNUSED_VARIABLE = YES;
				IPHONEOS_DEPLOYMENT_TARGET = 17.4;
				LOCALIZATION_PREFERS_STRING_CATALOGS = YES;
				MTL_ENABLE_DEBUG_INFO = NO;
				MTL_FAST_MATH = YES;
				SDKROOT = iphoneos;
				SWIFT_COMPILATION_MODE = wholemodule;
				VALIDATE_PRODUCT = YES;
			};
			name = Release;
		};
		CA0FC3372BDD214800647BB0 /* Debug */ = {
			isa = XCBuildConfiguration;
			buildSettings = {
				ASSETCATALOG_COMPILER_APPICON_NAME = AppIcon;
				ASSETCATALOG_COMPILER_GLOBAL_ACCENT_COLOR_NAME = AccentColor;
				CODE_SIGN_STYLE = Automatic;
				CURRENT_PROJECT_VERSION = 1;
				DEVELOPMENT_ASSET_PATHS = "\"AMtime/Preview Content\"";
				ENABLE_PREVIEWS = YES;
				GENERATE_INFOPLIST_FILE = YES;
				INFOPLIST_KEY_UIApplicationSceneManifest_Generation = YES;
				INFOPLIST_KEY_UIApplicationSupportsIndirectInputEvents = YES;
				INFOPLIST_KEY_UILaunchScreen_Generation = YES;
				INFOPLIST_KEY_UISupportedInterfaceOrientations_iPad = "UIInterfaceOrientationPortrait UIInterfaceOrientationPortraitUpsideDown UIInterfaceOrientationLandscapeLeft UIInterfaceOrientationLandscapeRight";
				INFOPLIST_KEY_UISupportedInterfaceOrientations_iPhone = "UIInterfaceOrientationPortrait UIInterfaceOrientationLandscapeLeft UIInterfaceOrientationLandscapeRight";
				LD_RUNPATH_SEARCH_PATHS = (
					"$(inherited)",
					"@executable_path/Frameworks",
				);
				MARKETING_VERSION = 1.0;
				PRODUCT_BUNDLE_IDENTIFIER = Sindorei.AMtime;
				PRODUCT_NAME = "$(TARGET_NAME)";
				SWIFT_EMIT_LOC_STRINGS = YES;
				SWIFT_VERSION = 5.0;
				TARGETED_DEVICE_FAMILY = "1,2";
			};
			name = Debug;
		};
		CA0FC3382BDD214800647BB0 /* Release */ = {
			isa = XCBuildConfiguration;
			buildSettings = {
				ASSETCATALOG_COMPILER_APPICON_NAME = AppIcon;
				ASSETCATALOG_COMPILER_GLOBAL_ACCENT_COLOR_NAME = AccentColor;
				CODE_SIGN_STYLE = Automatic;
				CURRENT_PROJECT_VERSION = 1;
				DEVELOPMENT_ASSET_PATHS = "\"AMtime/Preview Content\"";
				ENABLE_PREVIEWS = YES;
				GENERATE_INFOPLIST_FILE = YES;
				INFOPLIST_KEY_UIApplicationSceneManifest_Generation = YES;
				INFOPLIST_KEY_UIApplicationSupportsIndirectInputEvents = YES;
				INFOPLIST_KEY_UILaunchScreen_Generation = YES;
				INFOPLIST_KEY_UISupportedInterfaceOrientations_iPad = "UIInterfaceOrientationPortrait UIInterfaceOrientationPortraitUpsideDown UIInterfaceOrientationLandscapeLeft UIInterfaceOrientationLandscapeRight";
				INFOPLIST_KEY_UISupportedInterfaceOrientations_iPhone = "UIInterfaceOrientationPortrait UIInterfaceOrientationLandscapeLeft UIInterfaceOrientationLandscapeRight";
				LD_RUNPATH_SEARCH_PATHS = (
					"$(inherited)",
					"@executable_path/Frameworks",
				);
				MARKETING_VERSION = 1.0;
				PRODUCT_BUNDLE_IDENTIFIER = Sindorei.AMtime;
				PRODUCT_NAME = "$(TARGET_NAME)";
				SWIFT_EMIT_LOC_STRINGS = YES;
				SWIFT_VERSION = 5.0;
				TARGETED_DEVICE_FAMILY = "1,2";
			};
			name = Release;
		};
		CA0FC33A2BDD214800647BB0 /* Debug */ = {
			isa = XCBuildConfiguration;
			buildSettings = {
				ALWAYS_EMBED_SWIFT_STANDARD_LIBRARIES = YES;
				BUNDLE_LOADER = "$(TEST_HOST)";
				CODE_SIGN_STYLE = Automatic;
				CURRENT_PROJECT_VERSION = 1;
				GENERATE_INFOPLIST_FILE = YES;
				IPHONEOS_DEPLOYMENT_TARGET = 17.4;
				MARKETING_VERSION = 1.0;
				PRODUCT_BUNDLE_IDENTIFIER = Sindorei.AMtimeTests;
				PRODUCT_NAME = "$(TARGET_NAME)";
				SWIFT_EMIT_LOC_STRINGS = NO;
				SWIFT_VERSION = 5.0;
				TARGETED_DEVICE_FAMILY = "1,2";
				TEST_HOST = "$(BUILT_PRODUCTS_DIR)/AMtime.app/$(BUNDLE_EXECUTABLE_FOLDER_PATH)/AMtime";
			};
			name = Debug;
		};
		CA0FC33B2BDD214800647BB0 /* Release */ = {
			isa = XCBuildConfiguration;
			buildSettings = {
				ALWAYS_EMBED_SWIFT_STANDARD_LIBRARIES = YES;
				BUNDLE_LOADER = "$(TEST_HOST)";
				CODE_SIGN_STYLE = Automatic;
				CURRENT_PROJECT_VERSION = 1;
				GENERATE_INFOPLIST_FILE = YES;
				IPHONEOS_DEPLOYMENT_TARGET = 17.4;
				MARKETING_VERSION = 1.0;
				PRODUCT_BUNDLE_IDENTIFIER = Sindorei.AMtimeTests;
				PRODUCT_NAME = "$(TARGET_NAME)";
				SWIFT_EMIT_LOC_STRINGS = NO;
				SWIFT_VERSION = 5.0;
				TARGETED_DEVICE_FAMILY = "1,2";
				TEST_HOST = "$(BUILT_PRODUCTS_DIR)/AMtime.app/$(BUNDLE_EXECUTABLE_FOLDER_PATH)/AMtime";
			};
			name = Release;
		};
		CA0FC33D2BDD214800647BB0 /* Debug */ = {
			isa = XCBuildConfiguration;
			buildSettings = {
				ALWAYS_EMBED_SWIFT_STANDARD_LIBRARIES = YES;
				CODE_SIGN_STYLE = Automatic;
				CURRENT_PROJECT_VERSION = 1;
				GENERATE_INFOPLIST_FILE = YES;
				MARKETING_VERSION = 1.0;
				PRODUCT_BUNDLE_IDENTIFIER = Sindorei.AMtimeUITests;
				PRODUCT_NAME = "$(TARGET_NAME)";
				SWIFT_EMIT_LOC_STRINGS = NO;
				SWIFT_VERSION = 5.0;
				TARGETED_DEVICE_FAMILY = "1,2";
				TEST_TARGET_NAME = AMtime;
			};
			name = Debug;
		};
		CA0FC33E2BDD214800647BB0 /* Release */ = {
			isa = XCBuildConfiguration;
			buildSettings = {
				ALWAYS_EMBED_SWIFT_STANDARD_LIBRARIES = YES;
				CODE_SIGN_STYLE = Automatic;
				CURRENT_PROJECT_VERSION = 1;
				GENERATE_INFOPLIST_FILE = YES;
				MARKETING_VERSION = 1.0;
				PRODUCT_BUNDLE_IDENTIFIER = Sindorei.AMtimeUITests;
				PRODUCT_NAME = "$(TARGET_NAME)";
				SWIFT_EMIT_LOC_STRINGS = NO;
				SWIFT_VERSION = 5.0;
				TARGETED_DEVICE_FAMILY = "1,2";
				TEST_TARGET_NAME = AMtime;
			};
			name = Release;
		};
/* End XCBuildConfiguration section */

/* Begin XCConfigurationList section */
		CA0FC30D2BDD214700647BB0 /* Build configuration list for PBXProject "AMtime" */ = {
			isa = XCConfigurationList;
			buildConfigurations = (
				CA0FC3342BDD214800647BB0 /* Debug */,
				CA0FC3352BDD214800647BB0 /* Release */,
			);
			defaultConfigurationIsVisible = 0;
			defaultConfigurationName = Release;
		};
		CA0FC3362BDD214800647BB0 /* Build configuration list for PBXNativeTarget "AMtime" */ = {
			isa = XCConfigurationList;
			buildConfigurations = (
				CA0FC3372BDD214800647BB0 /* Debug */,
				CA0FC3382BDD214800647BB0 /* Release */,
			);
			defaultConfigurationIsVisible = 0;
			defaultConfigurationName = Release;
		};
		CA0FC3392BDD214800647BB0 /* Build configuration list for PBXNativeTarget "AMtimeTests" */ = {
			isa = XCConfigurationList;
			buildConfigurations = (
				CA0FC33A2BDD214800647BB0 /* Debug */,
				CA0FC33B2BDD214800647BB0 /* Release */,
			);
			defaultConfigurationIsVisible = 0;
			defaultConfigurationName = Release;
		};
		CA0FC33C2BDD214800647BB0 /* Build configuration list for PBXNativeTarget "AMtimeUITests" */ = {
			isa = XCConfigurationList;
			buildConfigurations = (
				CA0FC33D2BDD214800647BB0 /* Debug */,
				CA0FC33E2BDD214800647BB0 /* Release */,
			);
			defaultConfigurationIsVisible = 0;
			defaultConfigurationName = Release;
		};
/* End XCConfigurationList section */

/* Begin XCRemoteSwiftPackageReference section */
		CA6FEEEF2BDDEBDB00D696DB /* XCRemoteSwiftPackageReference "Kingfisher" */ = {
			isa = XCRemoteSwiftPackageReference;
			repositoryURL = "https://github.com/onevcat/Kingfisher.git";
			requirement = {
				kind = upToNextMajorVersion;
				minimumVersion = 7.11.0;
			};
		};
/* End XCRemoteSwiftPackageReference section */

/* Begin XCSwiftPackageProductDependency section */
		CA6FEEF02BDDEBDB00D696DB /* Kingfisher */ = {
			isa = XCSwiftPackageProductDependency;
			package = CA6FEEEF2BDDEBDB00D696DB /* XCRemoteSwiftPackageReference "Kingfisher" */;
			productName = Kingfisher;
		};
/* End XCSwiftPackageProductDependency section */
	};
	rootObject = CA0FC30A2BDD214700647BB0 /* Project object */;
}
