// !$*UTF8*$!
{
	archiveVersion = 1;
	classes = {
	};
	objectVersion = 56;
	objects = {

/* Begin PBXBuildFile section */
		04AE3BE82BDFDDFA00C68CBF /* DynamicContainer.swift in Sources */ = {isa = PBXBuildFile; fileRef = 04AE3BE72BDFDDFA00C68CBF /* DynamicContainer.swift */; };
		04AE3BEA2BDFDE4500C68CBF /* SectionView.swift in Sources */ = {isa = PBXBuildFile; fileRef = 04AE3BE92BDFDE4500C68CBF /* SectionView.swift */; };
		1C9E85C12BDFD616004BB631 /* NowPlayingView.swift in Sources */ = {isa = PBXBuildFile; fileRef = 1C9E85C02BDFD616004BB631 /* NowPlayingView.swift */; };
		1C9E85C32BDFD62E004BB631 /* PopularView.swift in Sources */ = {isa = PBXBuildFile; fileRef = 1C9E85C22BDFD62E004BB631 /* PopularView.swift */; };
		1C9E85C52BDFD642004BB631 /* UpcomingView.swift in Sources */ = {isa = PBXBuildFile; fileRef = 1C9E85C42BDFD642004BB631 /* UpcomingView.swift */; };
		CA0FC3162BDD214700647BB0 /* AMtimeApp.swift in Sources */ = {isa = PBXBuildFile; fileRef = CA0FC3152BDD214700647BB0 /* AMtimeApp.swift */; };
		CA0FC3182BDD214700647BB0 /* ContentView.swift in Sources */ = {isa = PBXBuildFile; fileRef = CA0FC3172BDD214700647BB0 /* ContentView.swift */; };
		CA0FC31A2BDD214800647BB0 /* Assets.xcassets in Resources */ = {isa = PBXBuildFile; fileRef = CA0FC3192BDD214800647BB0 /* Assets.xcassets */; };
		CA0FC31D2BDD214800647BB0 /* Preview Assets.xcassets in Resources */ = {isa = PBXBuildFile; fileRef = CA0FC31C2BDD214800647BB0 /* Preview Assets.xcassets */; };
		CA0FC3272BDD214800647BB0 /* AMtimeTests.swift in Sources */ = {isa = PBXBuildFile; fileRef = CA0FC3262BDD214800647BB0 /* AMtimeTests.swift */; };
		CA0FC3312BDD214800647BB0 /* AMtimeUITests.swift in Sources */ = {isa = PBXBuildFile; fileRef = CA0FC3302BDD214800647BB0 /* AMtimeUITests.swift */; };
		CA0FC3332BDD214800647BB0 /* AMtimeUITestsLaunchTests.swift in Sources */ = {isa = PBXBuildFile; fileRef = CA0FC3322BDD214800647BB0 /* AMtimeUITestsLaunchTests.swift */; };
		CA6FEE0A2BDD225600D696DB /* ColorExt.swift in Sources */ = {isa = PBXBuildFile; fileRef = CA6FEE082BDD225600D696DB /* ColorExt.swift */; };
		CA6FEE8B2BDD240C00D696DB /* MovieViewModel.swift in Sources */ = {isa = PBXBuildFile; fileRef = CA6FEE8A2BDD240C00D696DB /* MovieViewModel.swift */; };
		CA6FEE9B2BDD262200D696DB /* SingleMovieView.swift in Sources */ = {isa = PBXBuildFile; fileRef = CA6FEE9A2BDD262200D696DB /* SingleMovieView.swift */; };
		CA6FEE9E2BDD267000D696DB /* MovieDetailView.swift in Sources */ = {isa = PBXBuildFile; fileRef = CA6FEE9D2BDD267000D696DB /* MovieDetailView.swift */; };
		CA6FEEA02BDD269700D696DB /* LCButton.swift in Sources */ = {isa = PBXBuildFile; fileRef = CA6FEE9F2BDD269700D696DB /* LCButton.swift */; };
		CA6FEEA22BDD26A300D696DB /* LineRatingView.swift in Sources */ = {isa = PBXBuildFile; fileRef = CA6FEEA12BDD26A300D696DB /* LineRatingView.swift */; };
		CA6FEEA62BDD277F00D696DB /* MovieListView.swift in Sources */ = {isa = PBXBuildFile; fileRef = CA6FEEA52BDD277F00D696DB /* MovieListView.swift */; };
		CA6FEEA82BDD279400D696DB /* MovieListRow.swift in Sources */ = {isa = PBXBuildFile; fileRef = CA6FEEA72BDD279400D696DB /* MovieListRow.swift */; };
		CA6FEEAE2BDD2B7700D696DB /* TheatreView.swift in Sources */ = {isa = PBXBuildFile; fileRef = CA6FEEAD2BDD2B7700D696DB /* TheatreView.swift */; };
		CA6FEEB02BDD2B8E00D696DB /* Seat.swift in Sources */ = {isa = PBXBuildFile; fileRef = CA6FEEAF2BDD2B8E00D696DB /* Seat.swift */; };
		CA6FEEB32BDD2BA300D696DB /* ScreenShape.swift in Sources */ = {isa = PBXBuildFile; fileRef = CA6FEEB22BDD2BA300D696DB /* ScreenShape.swift */; };
		CA6FEEB52BDD2C1400D696DB /* ChairView.swift in Sources */ = {isa = PBXBuildFile; fileRef = CA6FEEB42BDD2C1400D696DB /* ChairView.swift */; };
		CA6FEEB72BDD2C5C00D696DB /* ChairLegend.swift in Sources */ = {isa = PBXBuildFile; fileRef = CA6FEEB62BDD2C5C00D696DB /* ChairLegend.swift */; };
		CA6FEEB92BDD2CD700D696DB /* SeatsChoiceView.swift in Sources */ = {isa = PBXBuildFile; fileRef = CA6FEEB82BDD2CD700D696DB /* SeatsChoiceView.swift */; };
		CA6FEEBB2BDD2D0300D696DB /* TicketDate.swift in Sources */ = {isa = PBXBuildFile; fileRef = CA6FEEBA2BDD2D0300D696DB /* TicketDate.swift */; };
		CA6FEEBD2BDD2DC900D696DB /* DateTimeView.swift in Sources */ = {isa = PBXBuildFile; fileRef = CA6FEEBC2BDD2DC900D696DB /* DateTimeView.swift */; };
		CA6FEEBF2BDD2DF100D696DB /* DateExt.swift in Sources */ = {isa = PBXBuildFile; fileRef = CA6FEEBE2BDD2DF100D696DB /* DateExt.swift */; };
		CA6FEEC12BDD2E2F00D696DB /* DateView.swift in Sources */ = {isa = PBXBuildFile; fileRef = CA6FEEC02BDD2E2F00D696DB /* DateView.swift */; };
		CA6FEEC32BDD2E5500D696DB /* DateShape.swift in Sources */ = {isa = PBXBuildFile; fileRef = CA6FEEC22BDD2E5500D696DB /* DateShape.swift */; };
		CA6FEEC52BDD2EB100D696DB /* TimeView.swift in Sources */ = {isa = PBXBuildFile; fileRef = CA6FEEC42BDD2EB100D696DB /* TimeView.swift */; };
		CA6FEEC72BDD36E900D696DB /* BasketView.swift in Sources */ = {isa = PBXBuildFile; fileRef = CA6FEEC62BDD36E900D696DB /* BasketView.swift */; };
		CA6FEEC92BDD370700D696DB /* Ticket.swift in Sources */ = {isa = PBXBuildFile; fileRef = CA6FEEC82BDD370700D696DB /* Ticket.swift */; };
		CA6FEECB2BDD373300D696DB /* TicketView.swift in Sources */ = {isa = PBXBuildFile; fileRef = CA6FEECA2BDD373300D696DB /* TicketView.swift */; };
		CA6FEECD2BDD376100D696DB /* TopTicketView.swift in Sources */ = {isa = PBXBuildFile; fileRef = CA6FEECC2BDD376100D696DB /* TopTicketView.swift */; };
		CA6FEECF2BDD376E00D696DB /* TicketDetailView.swift in Sources */ = {isa = PBXBuildFile; fileRef = CA6FEECE2BDD376E00D696DB /* TicketDetailView.swift */; };
		CA6FEED12BDD377900D696DB /* BottomTicketView.swift in Sources */ = {isa = PBXBuildFile; fileRef = CA6FEED02BDD377900D696DB /* BottomTicketView.swift */; };
		CA6FEED32BDD378900D696DB /* DashedSeperator.swift in Sources */ = {isa = PBXBuildFile; fileRef = CA6FEED22BDD378900D696DB /* DashedSeperator.swift */; };
		CA6FEED52BDD379600D696DB /* TicketShape.swift in Sources */ = {isa = PBXBuildFile; fileRef = CA6FEED42BDD379600D696DB /* TicketShape.swift */; };
		CA6FEED72BDD396600D696DB /* PaymentView.swift in Sources */ = {isa = PBXBuildFile; fileRef = CA6FEED62BDD396600D696DB /* PaymentView.swift */; };
		CA6FEED92BDD39A400D696DB /* PaymentMethod.swift in Sources */ = {isa = PBXBuildFile; fileRef = CA6FEED82BDD39A400D696DB /* PaymentMethod.swift */; };
		CA6FEEDB2BDD3A1700D696DB /* LCTextfield.swift in Sources */ = {isa = PBXBuildFile; fileRef = CA6FEEDA2BDD3A1700D696DB /* LCTextfield.swift */; };
		CA6FEEDD2BDD3B3B00D696DB /* OkView.swift in Sources */ = {isa = PBXBuildFile; fileRef = CA6FEEDC2BDD3B3B00D696DB /* OkView.swift */; };
		CA6FEEDF2BDD3B4B00D696DB /* LoadingView.swift in Sources */ = {isa = PBXBuildFile; fileRef = CA6FEEDE2BDD3B4B00D696DB /* LoadingView.swift */; };
		CA6FEEE12BDD3B6C00D696DB /* OkShape.swift in Sources */ = {isa = PBXBuildFile; fileRef = CA6FEEE02BDD3B6C00D696DB /* OkShape.swift */; };
		CA6FEEE32BDD3C7F00D696DB /* AnyTransitionExt.swift in Sources */ = {isa = PBXBuildFile; fileRef = CA6FEEE22BDD3C7F00D696DB /* AnyTransitionExt.swift */; };
		CA6FEEE52BDD3D8500D696DB /* NotificationCenterExt.swift in Sources */ = {isa = PBXBuildFile; fileRef = CA6FEEE42BDD3D8500D696DB /* NotificationCenterExt.swift */; };
		CA6FEEE72BDDCE8200D696DB /* URLExt.swift in Sources */ = {isa = PBXBuildFile; fileRef = CA6FEEE62BDDCE8200D696DB /* URLExt.swift */; };
		CA6FEEE92BDDE6C900D696DB /* Movie.swift in Sources */ = {isa = PBXBuildFile; fileRef = CA6FEEE82BDDE6C900D696DB /* Movie.swift */; };
		CA6FEEEC2BDDE76D00D696DB /* WebService.swift in Sources */ = {isa = PBXBuildFile; fileRef = CA6FEEEB2BDDE76D00D696DB /* WebService.swift */; };
		CA6FEEEE2BDDEAE800D696DB /* MovieListingViewModel.swift in Sources */ = {isa = PBXBuildFile; fileRef = CA6FEEED2BDDEAE800D696DB /* MovieListingViewModel.swift */; };
		CA6FEEF12BDDEBDB00D696DB /* Kingfisher in Frameworks */ = {isa = PBXBuildFile; productRef = CA6FEEF02BDDEBDB00D696DB /* Kingfisher */; };
		CAFCC1A02BE1B1AC0099CEE8 /* README.md in Resources */ = {isa = PBXBuildFile; fileRef = CAFCC19F2BE1B1AC0099CEE8 /* README.md */; };
/* End PBXBuildFile section */

/* Begin PBXContainerItemProxy section */
		CA0FC3232BDD214800647BB0 /* PBXContainerItemProxy */ = {
			isa = PBXContainerItemProxy;
			containerPortal = CA0FC30A2BDD214700647BB0 /* Project object */;
			proxyType = 1;
			remoteGlobalIDString = CA0FC3112BDD214700647BB0;
			remoteInfo = AMtime;
		};
		CA0FC32D2BDD214800647BB0 /* PBXContainerItemProxy */ = {
			isa = PBXContainerItemProxy;
			containerPortal = CA0FC30A2BDD214700647BB0 /* Project object */;
			proxyType = 1;
			remoteGlobalIDString = CA0FC3112BDD214700647BB0;
			remoteInfo = AMtime;
		};
/* End PBXContainerItemProxy section */

/* Begin PBXFileReference section */
		04AE3BE72BDFDDFA00C68CBF /* DynamicContainer.swift */ = {isa = PBXFileReference; lastKnownFileType = sourcecode.swift; path = DynamicContainer.swift; sourceTree = "<group>"; };
		04AE3BE92BDFDE4500C68CBF /* SectionView.swift */ = {isa = PBXFileReference; lastKnownFileType = sourcecode.swift; path = SectionView.swift; sourceTree = "<group>"; };
		1C9E85C02BDFD616004BB631 /* NowPlayingView.swift */ = {isa = PBXFileReference; lastKnownFileType = sourcecode.swift; path = NowPlayingView.swift; sourceTree = "<group>"; };
		1C9E85C22BDFD62E004BB631 /* PopularView.swift */ = {isa = PBXFileReference; lastKnownFileType = sourcecode.swift; path = PopularView.swift; sourceTree = "<group>"; };
		1C9E85C42BDFD642004BB631 /* UpcomingView.swift */ = {isa = PBXFileReference; lastKnownFileType = sourcecode.swift; path = UpcomingView.swift; sourceTree = "<group>"; };
		CA0FC3122BDD214700647BB0 /* AMtime.app */ = {isa = PBXFileReference; explicitFileType = wrapper.application; includeInIndex = 0; path = AMtime.app; sourceTree = BUILT_PRODUCTS_DIR; };
		CA0FC3152BDD214700647BB0 /* AMtimeApp.swift */ = {isa = PBXFileReference; lastKnownFileType = sourcecode.swift; path = AMtimeApp.swift; sourceTree = "<group>"; };
		CA0FC3172BDD214700647BB0 /* ContentView.swift */ = {isa = PBXFileReference; lastKnownFileType = sourcecode.swift; path = ContentView.swift; sourceTree = "<group>"; };
		CA0FC3192BDD214800647BB0 /* Assets.xcassets */ = {isa = PBXFileReference; lastKnownFileType = folder.assetcatalog; path = Assets.xcassets; sourceTree = "<group>"; };
		CA0FC31C2BDD214800647BB0 /* Preview Assets.xcassets */ = {isa = PBXFileReference; lastKnownFileType = folder.assetcatalog; path = "Preview Assets.xcassets"; sourceTree = "<group>"; };
		CA0FC3222BDD214800647BB0 /* AMtimeTests.xctest */ = {isa = PBXFileReference; explicitFileType = wrapper.cfbundle; includeInIndex = 0; path = AMtimeTests.xctest; sourceTree = BUILT_PRODUCTS_DIR; };
		CA0FC3262BDD214800647BB0 /* AMtimeTests.swift */ = {isa = PBXFileReference; lastKnownFileType = sourcecode.swift; path = AMtimeTests.swift; sourceTree = "<group>"; };
		CA0FC32C2BDD214800647BB0 /* AMtimeUITests.xctest */ = {isa = PBXFileReference; explicitFileType = wrapper.cfbundle; includeInIndex = 0; path = AMtimeUITests.xctest; sourceTree = BUILT_PRODUCTS_DIR; };
		CA0FC3302BDD214800647BB0 /* AMtimeUITests.swift */ = {isa = PBXFileReference; lastKnownFileType = sourcecode.swift; path = AMtimeUITests.swift; sourceTree = "<group>"; };
		CA0FC3322BDD214800647BB0 /* AMtimeUITestsLaunchTests.swift */ = {isa = PBXFileReference; lastKnownFileType = sourcecode.swift; path = AMtimeUITestsLaunchTests.swift; sourceTree = "<group>"; };
		CA6FEE082BDD225600D696DB /* ColorExt.swift */ = {isa = PBXFileReference; fileEncoding = 4; lastKnownFileType = sourcecode.swift; path = ColorExt.swift; sourceTree = "<group>"; };
		CA6FEE8A2BDD240C00D696DB /* MovieViewModel.swift */ = {isa = PBXFileReference; fileEncoding = 4; lastKnownFileType = sourcecode.swift; path = MovieViewModel.swift; sourceTree = "<group>"; };
		CA6FEE9A2BDD262200D696DB /* SingleMovieView.swift */ = {isa = PBXFileReference; fileEncoding = 4; lastKnownFileType = sourcecode.swift; path = SingleMovieView.swift; sourceTree = "<group>"; };
		CA6FEE9D2BDD267000D696DB /* MovieDetailView.swift */ = {isa = PBXFileReference; fileEncoding = 4; lastKnownFileType = sourcecode.swift; path = MovieDetailView.swift; sourceTree = "<group>"; };
		CA6FEE9F2BDD269700D696DB /* LCButton.swift */ = {isa = PBXFileReference; fileEncoding = 4; lastKnownFileType = sourcecode.swift; path = LCButton.swift; sourceTree = "<group>"; };
		CA6FEEA12BDD26A300D696DB /* LineRatingView.swift */ = {isa = PBXFileReference; fileEncoding = 4; lastKnownFileType = sourcecode.swift; path = LineRatingView.swift; sourceTree = "<group>"; };
		CA6FEEA52BDD277F00D696DB /* MovieListView.swift */ = {isa = PBXFileReference; fileEncoding = 4; lastKnownFileType = sourcecode.swift; path = MovieListView.swift; sourceTree = "<group>"; };
		CA6FEEA72BDD279400D696DB /* MovieListRow.swift */ = {isa = PBXFileReference; fileEncoding = 4; lastKnownFileType = sourcecode.swift; path = MovieListRow.swift; sourceTree = "<group>"; };
		CA6FEEAD2BDD2B7700D696DB /* TheatreView.swift */ = {isa = PBXFileReference; fileEncoding = 4; lastKnownFileType = sourcecode.swift; path = TheatreView.swift; sourceTree = "<group>"; };
		CA6FEEAF2BDD2B8E00D696DB /* Seat.swift */ = {isa = PBXFileReference; fileEncoding = 4; lastKnownFileType = sourcecode.swift; path = Seat.swift; sourceTree = "<group>"; };
		CA6FEEB22BDD2BA300D696DB /* ScreenShape.swift */ = {isa = PBXFileReference; fileEncoding = 4; lastKnownFileType = sourcecode.swift; path = ScreenShape.swift; sourceTree = "<group>"; };
		CA6FEEB42BDD2C1400D696DB /* ChairView.swift */ = {isa = PBXFileReference; fileEncoding = 4; lastKnownFileType = sourcecode.swift; path = ChairView.swift; sourceTree = "<group>"; };
		CA6FEEB62BDD2C5C00D696DB /* ChairLegend.swift */ = {isa = PBXFileReference; fileEncoding = 4; lastKnownFileType = sourcecode.swift; path = ChairLegend.swift; sourceTree = "<group>"; };
		CA6FEEB82BDD2CD700D696DB /* SeatsChoiceView.swift */ = {isa = PBXFileReference; lastKnownFileType = sourcecode.swift; path = SeatsChoiceView.swift; sourceTree = "<group>"; };
		CA6FEEBA2BDD2D0300D696DB /* TicketDate.swift */ = {isa = PBXFileReference; lastKnownFileType = sourcecode.swift; path = TicketDate.swift; sourceTree = "<group>"; };
		CA6FEEBC2BDD2DC900D696DB /* DateTimeView.swift */ = {isa = PBXFileReference; lastKnownFileType = sourcecode.swift; path = DateTimeView.swift; sourceTree = "<group>"; };
		CA6FEEBE2BDD2DF100D696DB /* DateExt.swift */ = {isa = PBXFileReference; lastKnownFileType = sourcecode.swift; path = DateExt.swift; sourceTree = "<group>"; };
		CA6FEEC02BDD2E2F00D696DB /* DateView.swift */ = {isa = PBXFileReference; lastKnownFileType = sourcecode.swift; path = DateView.swift; sourceTree = "<group>"; };
		CA6FEEC22BDD2E5500D696DB /* DateShape.swift */ = {isa = PBXFileReference; lastKnownFileType = sourcecode.swift; path = DateShape.swift; sourceTree = "<group>"; };
		CA6FEEC42BDD2EB100D696DB /* TimeView.swift */ = {isa = PBXFileReference; lastKnownFileType = sourcecode.swift; path = TimeView.swift; sourceTree = "<group>"; };
		CA6FEEC62BDD36E900D696DB /* BasketView.swift */ = {isa = PBXFileReference; lastKnownFileType = sourcecode.swift; path = BasketView.swift; sourceTree = "<group>"; };
		CA6FEEC82BDD370700D696DB /* Ticket.swift */ = {isa = PBXFileReference; lastKnownFileType = sourcecode.swift; path = Ticket.swift; sourceTree = "<group>"; };
		CA6FEECA2BDD373300D696DB /* TicketView.swift */ = {isa = PBXFileReference; lastKnownFileType = sourcecode.swift; path = TicketView.swift; sourceTree = "<group>"; };
		CA6FEECC2BDD376100D696DB /* TopTicketView.swift */ = {isa = PBXFileReference; lastKnownFileType = sourcecode.swift; path = TopTicketView.swift; sourceTree = "<group>"; };
		CA6FEECE2BDD376E00D696DB /* TicketDetailView.swift */ = {isa = PBXFileReference; lastKnownFileType = sourcecode.swift; path = TicketDetailView.swift; sourceTree = "<group>"; };
		CA6FEED02BDD377900D696DB /* BottomTicketView.swift */ = {isa = PBXFileReference; lastKnownFileType = sourcecode.swift; path = BottomTicketView.swift; sourceTree = "<group>"; };
		CA6FEED22BDD378900D696DB /* DashedSeperator.swift */ = {isa = PBXFileReference; lastKnownFileType = sourcecode.swift; path = DashedSeperator.swift; sourceTree = "<group>"; };
		CA6FEED42BDD379600D696DB /* TicketShape.swift */ = {isa = PBXFileReference; lastKnownFileType = sourcecode.swift; path = TicketShape.swift; sourceTree = "<group>"; };
		CA6FEED62BDD396600D696DB /* PaymentView.swift */ = {isa = PBXFileReference; lastKnownFileType = sourcecode.swift; path = PaymentView.swift; sourceTree = "<group>"; };
		CA6FEED82BDD39A400D696DB /* PaymentMethod.swift */ = {isa = PBXFileReference; lastKnownFileType = sourcecode.swift; path = PaymentMethod.swift; sourceTree = "<group>"; };
		CA6FEEDA2BDD3A1700D696DB /* LCTextfield.swift */ = {isa = PBXFileReference; lastKnownFileType = sourcecode.swift; path = LCTextfield.swift; sourceTree = "<group>"; };
		CA6FEEDC2BDD3B3B00D696DB /* OkView.swift */ = {isa = PBXFileReference; lastKnownFileType = sourcecode.swift; path = OkView.swift; sourceTree = "<group>"; };
		CA6FEEDE2BDD3B4B00D696DB /* LoadingView.swift */ = {isa = PBXFileReference; lastKnownFileType = sourcecode.swift; path = LoadingView.swift; sourceTree = "<group>"; };
		CA6FEEE02BDD3B6C00D696DB /* OkShape.swift */ = {isa = PBXFileReference; lastKnownFileType = sourcecode.swift; path = OkShape.swift; sourceTree = "<group>"; };
		CA6FEEE22BDD3C7F00D696DB /* AnyTransitionExt.swift */ = {isa = PBXFileReference; lastKnownFileType = sourcecode.swift; path = AnyTransitionExt.swift; sourceTree = "<group>"; };
		CA6FEEE42BDD3D8500D696DB /* NotificationCenterExt.swift */ = {isa = PBXFileReference; lastKnownFileType = sourcecode.swift; path = NotificationCenterExt.swift; sourceTree = "<group>"; };
		CA6FEEE62BDDCE8200D696DB /* URLExt.swift */ = {isa = PBXFileReference; lastKnownFileType = sourcecode.swift; path = URLExt.swift; sourceTree = "<group>"; };
		CA6FEEE82BDDE6C900D696DB /* Movie.swift */ = {isa = PBXFileReference; lastKnownFileType = sourcecode.swift; path = Movie.swift; sourceTree = "<group>"; };
		CA6FEEEB2BDDE76D00D696DB /* WebService.swift */ = {isa = PBXFileReference; lastKnownFileType = sourcecode.swift; path = WebService.swift; sourceTree = "<group>"; };
		CA6FEEED2BDDEAE800D696DB /* MovieListingViewModel.swift */ = {isa = PBXFileReference; lastKnownFileType = sourcecode.swift; path = MovieListingViewModel.swift; sourceTree = "<group>"; };
		CAFCC19F2BE1B1AC0099CEE8 /* README.md */ = {isa = PBXFileReference; fileEncoding = 4; lastKnownFileType = net.daringfireball.markdown; path = README.md; sourceTree = "<group>"; };
/* End PBXFileReference section */

/* Begin PBXFrameworksBuildPhase section */
		CA0FC30F2BDD214700647BB0 /* Frameworks */ = {
			isa = PBXFrameworksBuildPhase;
			buildActionMask = 2147483647;
			files = (
				CA6FEEF12BDDEBDB00D696DB /* Kingfisher in Frameworks */,
			);
			runOnlyForDeploymentPostprocessing = 0;
		};
		CA0FC31F2BDD214800647BB0 /* Frameworks */ = {
			isa = PBXFrameworksBuildPhase;
			buildActionMask = 2147483647;
			files = (
			);
			runOnlyForDeploymentPostprocessing = 0;
		};
		CA0FC3292BDD214800647BB0 /* Frameworks */ = {
			isa = PBXFrameworksBuildPhase;
			buildActionMask = 2147483647;
			files = (
			);
			runOnlyForDeploymentPostprocessing = 0;
		};
/* End PBXFrameworksBuildPhase section */

/* Begin PBXGroup section */
		1C9E85BF2BDFD57F004BB631 /* Cells */ = {
			isa = PBXGroup;
			children = (
				1C9E85C02BDFD616004BB631 /* NowPlayingView.swift */,
				1C9E85C22BDFD62E004BB631 /* PopularView.swift */,
				1C9E85C42BDFD642004BB631 /* UpcomingView.swift */,
			);
			path = Cells;
			sourceTree = "<group>";
		};
		CA0FC3092BDD214700647BB0 = {
			isa = PBXGroup;
			children = (
				CAFCC19F2BE1B1AC0099CEE8 /* README.md */,
				CA0FC3142BDD214700647BB0 /* AMtime */,
				CA0FC3252BDD214800647BB0 /* AMtimeTests */,
				CA0FC32F2BDD214800647BB0 /* AMtimeUITests */,
				CA0FC3132BDD214700647BB0 /* Products */,
			);
			sourceTree = "<group>";
		};
		CA0FC3132BDD214700647BB0 /* Products */ = {
			isa = PBXGroup;
			children = (
				CA0FC3122BDD214700647BB0 /* AMtime.app */,
				CA0FC3222BDD214800647BB0 /* AMtimeTests.xctest */,
				CA0FC32C2BDD214800647BB0 /* AMtimeUITests.xctest */,
			);
			name = Products;
			sourceTree = "<group>";
		};
		CA0FC3142BDD214700647BB0 /* AMtime */ = {
			isa = PBXGroup;
			children = (
				CA6FEEEA2BDDE75C00D696DB /* Networking */,
				CA6FEEB12BDD2B9800D696DB /* Shape */,
				CA6FEE9C2BDD266000D696DB /* Views */,
				CA6FEE992BDD260900D696DB /* Screens */,
				CA6FEE892BDD23FC00D696DB /* ViewModel */,
				CA6FEE862BDD23B900D696DB /* Models */,
				CA6FEE092BDD225600D696DB /* Extensions */,
				CA0FC31B2BDD214800647BB0 /* Preview Content */,
				CA0FC3152BDD214700647BB0 /* AMtimeApp.swift */,
				CA0FC3172BDD214700647BB0 /* ContentView.swift */,
				CA0FC3192BDD214800647BB0 /* Assets.xcassets */,
			);
			path = AMtime;
			sourceTree = "<group>";
		};
		CA0FC31B2BDD214800647BB0 /* Preview Content */ = {
			isa = PBXGroup;
			children = (
				CA0FC31C2BDD214800647BB0 /* Preview Assets.xcassets */,
			);
			path = "Preview Content";
			sourceTree = "<group>";
		};
		CA0FC3252BDD214800647BB0 /* AMtimeTests */ = {
			isa = PBXGroup;
			children = (
				CA0FC3262BDD214800647BB0 /* AMtimeTests.swift */,
			);
			path = AMtimeTests;
			sourceTree = "<group>";
		};
		CA0FC32F2BDD214800647BB0 /* AMtimeUITests */ = {
			isa = PBXGroup;
			children = (
				CA0FC3302BDD214800647BB0 /* AMtimeUITests.swift */,
				CA0FC3322BDD214800647BB0 /* AMtimeUITestsLaunchTests.swift */,
			);
			path = AMtimeUITests;
			sourceTree = "<group>";
		};
		CA6FEE092BDD225600D696DB /* Extensions */ = {
			isa = PBXGroup;
			children = (
				CA6FEE082BDD225600D696DB /* ColorExt.swift */,
				CA6FEEBE2BDD2DF100D696DB /* DateExt.swift */,
				CA6FEEE22BDD3C7F00D696DB /* AnyTransitionExt.swift */,
				CA6FEEE42BDD3D8500D696DB /* NotificationCenterExt.swift */,
				CA6FEEE62BDDCE8200D696DB /* URLExt.swift */,
			);
			path = Extensions;
			sourceTree = "<group>";
		};
		CA6FEE862BDD23B900D696DB /* Models */ = {
			isa = PBXGroup;
			children = (
				CA6FEEAF2BDD2B8E00D696DB /* Seat.swift */,
				CA6FEEBA2BDD2D0300D696DB /* TicketDate.swift */,
				CA6FEEC82BDD370700D696DB /* Ticket.swift */,
				CA6FEED82BDD39A400D696DB /* PaymentMethod.swift */,
				CA6FEEE82BDDE6C900D696DB /* Movie.swift */,
			);
			path = Models;
			sourceTree = "<group>";
		};
		CA6FEE892BDD23FC00D696DB /* ViewModel */ = {
			isa = PBXGroup;
			children = (
				CA6FEE8A2BDD240C00D696DB /* MovieViewModel.swift */,
				CA6FEEED2BDDEAE800D696DB /* MovieListingViewModel.swift */,
			);
			path = ViewModel;
			sourceTree = "<group>";
		};
		CA6FEE992BDD260900D696DB /* Screens */ = {
			isa = PBXGroup;
			children = (
				CA6FEE9A2BDD262200D696DB /* SingleMovieView.swift */,
				CA6FEEA52BDD277F00D696DB /* MovieListView.swift */,
				CA6FEEB82BDD2CD700D696DB /* SeatsChoiceView.swift */,
				CA6FEEC62BDD36E900D696DB /* BasketView.swift */,
				CA6FEED62BDD396600D696DB /* PaymentView.swift */,
			);
			path = Screens;
			sourceTree = "<group>";
		};
		CA6FEE9C2BDD266000D696DB /* Views */ = {
			isa = PBXGroup;
			children = (
				1C9E85BF2BDFD57F004BB631 /* Cells */,
				CA6FEE9D2BDD267000D696DB /* MovieDetailView.swift */,
				CA6FEE9F2BDD269700D696DB /* LCButton.swift */,
				CA6FEEA12BDD26A300D696DB /* LineRatingView.swift */,
				CA6FEEA72BDD279400D696DB /* MovieListRow.swift */,
				CA6FEEAD2BDD2B7700D696DB /* TheatreView.swift */,
				CA6FEEB42BDD2C1400D696DB /* ChairView.swift */,
				CA6FEEB62BDD2C5C00D696DB /* ChairLegend.swift */,
				CA6FEEBC2BDD2DC900D696DB /* DateTimeView.swift */,
				CA6FEEC02BDD2E2F00D696DB /* DateView.swift */,
				CA6FEEC42BDD2EB100D696DB /* TimeView.swift */,
				CA6FEECA2BDD373300D696DB /* TicketView.swift */,
				CA6FEECC2BDD376100D696DB /* TopTicketView.swift */,
				CA6FEECE2BDD376E00D696DB /* TicketDetailView.swift */,
				CA6FEED02BDD377900D696DB /* BottomTicketView.swift */,
				CA6FEEDA2BDD3A1700D696DB /* LCTextfield.swift */,
				CA6FEEDC2BDD3B3B00D696DB /* OkView.swift */,
				CA6FEEDE2BDD3B4B00D696DB /* LoadingView.swift */,
				04AE3BE72BDFDDFA00C68CBF /* DynamicContainer.swift */,
				04AE3BE92BDFDE4500C68CBF /* SectionView.swift */,
			);
			path = Views;
			sourceTree = "<group>";
		};
		CA6FEEB12BDD2B9800D696DB /* Shape */ = {
			isa = PBXGroup;
			children = (
				CA6FEEB22BDD2BA300D696DB /* ScreenShape.swift */,
				CA6FEEC22BDD2E5500D696DB /* DateShape.swift */,
				CA6FEED22BDD378900D696DB /* DashedSeperator.swift */,
				CA6FEED42BDD379600D696DB /* TicketShape.swift */,
				CA6FEEE02BDD3B6C00D696DB /* OkShape.swift */,
			);
			path = Shape;
			sourceTree = "<group>";
		};
		CA6FEEEA2BDDE75C00D696DB /* Networking */ = {
			isa = PBXGroup;
			children = (
				CA6FEEEB2BDDE76D00D696DB /* WebService.swift */,
			);
			path = Networking;
			sourceTree = "<group>";
		};
/* End PBXGroup section */

/* Begin PBXNativeTarget section */
		CA0FC3112BDD214700647BB0 /* AMtime */ = {
			isa = PBXNativeTarget;
			buildConfigurationList = CA0FC3362BDD214800647BB0 /* Build configuration list for PBXNativeTarget "AMtime" */;
			buildPhases = (
				CA0FC30E2BDD214700647BB0 /* Sources */,
				CA0FC30F2BDD214700647BB0 /* Frameworks */,
				CA0FC3102BDD214700647BB0 /* Resources */,
			);
			buildRules = (
			);
			dependencies = (
			);
			name = AMtime;
			packageProductDependencies = (
				CA6FEEF02BDDEBDB00D696DB /* Kingfisher */,
			);
			productName = AMtime;
			productReference = CA0FC3122BDD214700647BB0 /* AMtime.app */;
			productType = "com.apple.product-type.application";
		};
		CA0FC3212BDD214800647BB0 /* AMtimeTests */ = {
			isa = PBXNativeTarget;
			buildConfigurationList = CA0FC3392BDD214800647BB0 /* Build configuration list for PBXNativeTarget "AMtimeTests" */;
			buildPhases = (
				CA0FC31E2BDD214800647BB0 /* Sources */,
				CA0FC31F2BDD214800647BB0 /* Frameworks */,
				CA0FC3202BDD214800647BB0 /* Resources */,
			);
			buildRules = (
			);
			dependencies = (
				CA0FC3242BDD214800647BB0 /* PBXTargetDependency */,
			);
			name = AMtimeTests;
			productName = AMtimeTests;
			productReference = CA0FC3222BDD214800647BB0 /* AMtimeTests.xctest */;
			productType = "com.apple.product-type.bundle.unit-test";
		};
		CA0FC32B2BDD214800647BB0 /* AMtimeUITests */ = {
			isa = PBXNativeTarget;
			buildConfigurationList = CA0FC33C2BDD214800647BB0 /* Build configuration list for PBXNativeTarget "AMtimeUITests" */;
			buildPhases = (
				CA0FC3282BDD214800647BB0 /* Sources */,
				CA0FC3292BDD214800647BB0 /* Frameworks */,
				CA0FC32A2BDD214800647BB0 /* Resources */,
			);
			buildRules = (
			);
			dependencies = (
				CA0FC32E2BDD214800647BB0 /* PBXTargetDependency */,
			);
			name = AMtimeUITests;
			productName = AMtimeUITests;
			productReference = CA0FC32C2BDD214800647BB0 /* AMtimeUITests.xctest */;
			productType = "com.apple.product-type.bundle.ui-testing";
		};
/* End PBXNativeTarget section */

/* Begin PBXProject section */
		CA0FC30A2BDD214700647BB0 /* Project object */ = {
			isa = PBXProject;
			attributes = {
				BuildIndependentTargetsInParallel = 1;
				LastSwiftUpdateCheck = 1530;
				LastUpgradeCheck = 1530;
				TargetAttributes = {
					CA0FC3112BDD214700647BB0 = {
						CreatedOnToolsVersion = 15.3;
					};
					CA0FC3212BDD214800647BB0 = {
						CreatedOnToolsVersion = 15.3;
						TestTargetID = CA0FC3112BDD214700647BB0;
					};
					CA0FC32B2BDD214800647BB0 = {
						CreatedOnToolsVersion = 15.3;
						TestTargetID = CA0FC3112BDD214700647BB0;
					};
				};
			};
			buildConfigurationList = CA0FC30D2BDD214700647BB0 /* Build configuration list for PBXProject "AMtime" */;
			compatibilityVersion = "Xcode 14.0";
			developmentRegion = en;
			hasScannedForEncodings = 0;
			knownRegions = (
				en,
				Base,
			);
			mainGroup = CA0FC3092BDD214700647BB0;
			packageReferences = (
				CA6FEEEF2BDDEBDB00D696DB /* XCRemoteSwiftPackageReference "Kingfisher" */,
			);
			productRefGroup = CA0FC3132BDD214700647BB0 /* Products */;
			projectDirPath = "";
			projectRoot = "";
			targets = (
				CA0FC3112BDD214700647BB0 /* AMtime */,
				CA0FC3212BDD214800647BB0 /* AMtimeTests */,
				CA0FC32B2BDD214800647BB0 /* AMtimeUITests */,
			);
		};
/* End PBXProject section */

/* Begin PBXResourcesBuildPhase section */
		CA0FC3102BDD214700647BB0 /* Resources */ = {
			isa = PBXResourcesBuildPhase;
			buildActionMask = 2147483647;
			files = (
				CAFCC1A02BE1B1AC0099CEE8 /* README.md in Resources */,
				CA0FC31D2BDD214800647BB0 /* Preview Assets.xcassets in Resources */,
				CA0FC31A2BDD214800647BB0 /* Assets.xcassets in Resources */,
			);
			runOnlyForDeploymentPostprocessing = 0;
		};
		CA0FC3202BDD214800647BB0 /* Resources */ = {
			isa = PBXResourcesBuildPhase;
			buildActionMask = 2147483647;
			files = (
			);
			runOnlyForDeploymentPostprocessing = 0;
		};
		CA0FC32A2BDD214800647BB0 /* Resources */ = {
			isa = PBXResourcesBuildPhase;
			buildActionMask = 2147483647;
			files = (
			);
			runOnlyForDeploymentPostprocessing = 0;
		};
/* End PBXResourcesBuildPhase section */

/* Begin PBXSourcesBuildPhase section */
		CA0FC30E2BDD214700647BB0 /* Sources */ = {
			isa = PBXSourcesBuildPhase;
			buildActionMask = 2147483647;
			files = (
				CA6FEECD2BDD376100D696DB /* TopTicketView.swift in Sources */,
				CA6FEEDB2BDD3A1700D696DB /* LCTextfield.swift in Sources */,
				CA6FEEC72BDD36E900D696DB /* BasketView.swift in Sources */,
				CA6FEEC12BDD2E2F00D696DB /* DateView.swift in Sources */,
				CA6FEEE92BDDE6C900D696DB /* Movie.swift in Sources */,
				CA6FEED92BDD39A400D696DB /* PaymentMethod.swift in Sources */,
				CA6FEEA82BDD279400D696DB /* MovieListRow.swift in Sources */,
				04AE3BEA2BDFDE4500C68CBF /* SectionView.swift in Sources */,
				CA6FEE9B2BDD262200D696DB /* SingleMovieView.swift in Sources */,
				CA6FEEDF2BDD3B4B00D696DB /* LoadingView.swift in Sources */,
				CA6FEEBB2BDD2D0300D696DB /* TicketDate.swift in Sources */,
				CA6FEEB52BDD2C1400D696DB /* ChairView.swift in Sources */,
				CA6FEEA62BDD277F00D696DB /* MovieListView.swift in Sources */,
				CA6FEEBF2BDD2DF100D696DB /* DateExt.swift in Sources */,
				CA6FEED12BDD377900D696DB /* BottomTicketView.swift in Sources */,
				CA6FEEE52BDD3D8500D696DB /* NotificationCenterExt.swift in Sources */,
				CA0FC3182BDD214700647BB0 /* ContentView.swift in Sources */,
				1C9E85C12BDFD616004BB631 /* NowPlayingView.swift in Sources */,
				CA6FEEA02BDD269700D696DB /* LCButton.swift in Sources */,
				04AE3BE82BDFDDFA00C68CBF /* DynamicContainer.swift in Sources */,
				CA6FEEC92BDD370700D696DB /* Ticket.swift in Sources */,
				CA6FEEE32BDD3C7F00D696DB /* AnyTransitionExt.swift in Sources */,
				1C9E85C52BDFD642004BB631 /* UpcomingView.swift in Sources */,
				CA6FEEB72BDD2C5C00D696DB /* ChairLegend.swift in Sources */,
				CA6FEE8B2BDD240C00D696DB /* MovieViewModel.swift in Sources */,
				CA6FEEDD2BDD3B3B00D696DB /* OkView.swift in Sources */,
				CA6FEED32BDD378900D696DB /* DashedSeperator.swift in Sources */,
				1C9E85C32BDFD62E004BB631 /* PopularView.swift in Sources */,
				CA6FEEBD2BDD2DC900D696DB /* DateTimeView.swift in Sources */,
				CA6FEEB92BDD2CD700D696DB /* SeatsChoiceView.swift in Sources */,
				CA6FEEB02BDD2B8E00D696DB /* Seat.swift in Sources */,
				CA6FEEC52BDD2EB100D696DB /* TimeView.swift in Sources */,
				CA6FEE0A2BDD225600D696DB /* ColorExt.swift in Sources */,
				CA6FEEA22BDD26A300D696DB /* LineRatingView.swift in Sources */,
				CA6FEE9E2BDD267000D696DB /* MovieDetailView.swift in Sources */,
				CA6FEEAE2BDD2B7700D696DB /* TheatreView.swift in Sources */,
				CA6FEEC32BDD2E5500D696DB /* DateShape.swift in Sources */,
				CA0FC3162BDD214700647BB0 /* AMtimeApp.swift in Sources */,
				CA6FEEEC2BDDE76D00D696DB /* WebService.swift in Sources */,
				CA6FEECF2BDD376E00D696DB /* TicketDetailView.swift in Sources */,
				CA6FEED52BDD379600D696DB /* TicketShape.swift in Sources */,
				CA6FEEB32BDD2BA300D696DB /* ScreenShape.swift in Sources */,
				CA6FEECB2BDD373300D696DB /* TicketView.swift in Sources */,
				CA6FEED72BDD396600D696DB /* PaymentView.swift in Sources */,
				CA6FEEE72BDDCE8200D696DB /* URLExt.swift in Sources */,
				CA6FEEEE2BDDEAE800D696DB /* MovieListingViewModel.swift in Sources */,
				CA6FEEE12BDD3B6C00D696DB /* OkShape.swift in Sources */,
			);
			runOnlyForDeploymentPostprocessing = 0;
		};
		CA0FC31E2BDD214800647BB0 /* Sources */ = {
			isa = PBXSourcesBuildPhase;
			buildActionMask = 2147483647;
			files = (
				CA0FC3272BDD214800647BB0 /* AMtimeTests.swift in Sources */,
			);
			runOnlyForDeploymentPostprocessing = 0;
		};
		CA0FC3282BDD214800647BB0 /* Sources */ = {
			isa = PBXSourcesBuildPhase;
			buildActionMask = 2147483647;
			files = (
				CA0FC3312BDD214800647BB0 /* AMtimeUITests.swift in Sources */,
				CA0FC3332BDD214800647BB0 /* AMtimeUITestsLaunchTests.swift in Sources */,
			);
			runOnlyForDeploymentPostprocessing = 0;
		};
/* End PBXSourcesBuildPhase section */

/* Begin PBXTargetDependency section */
		CA0FC3242BDD214800647BB0 /* PBXTargetDependency */ = {
			isa = PBXTargetDependency;
			target = CA0FC3112BDD214700647BB0 /* AMtime */;
			targetProxy = CA0FC3232BDD214800647BB0 /* PBXContainerItemProxy */;
		};
		CA0FC32E2BDD214800647BB0 /* PBXTargetDependency */ = {
			isa = PBXTargetDependency;
			target = CA0FC3112BDD214700647BB0 /* AMtime */;
			targetProxy = CA0FC32D2BDD214800647BB0 /* PBXContainerItemProxy */;
		};
/* End PBXTargetDependency section */

/* Begin XCBuildConfiguration section */
		CA0FC3342BDD214800647BB0 /* Debug */ = {
			isa = XCBuildConfiguration;
			buildSettings = {
				ALWAYS_SEARCH_USER_PATHS = NO;
				ASSETCATALOG_COMPILER_GENERATE_SWIFT_ASSET_SYMBOL_EXTENSIONS = NO;
				CLANG_ANALYZER_NONNULL = YES;
				CLANG_ANALYZER_NUMBER_OBJECT_CONVERSION = YES_AGGRESSIVE;
				CLANG_CXX_LANGUAGE_STANDARD = "gnu++20";
				CLANG_ENABLE_MODULES = YES;
				CLANG_ENABLE_OBJC_ARC = YES;
				CLANG_ENABLE_OBJC_WEAK = YES;
				CLANG_WARN_BLOCK_CAPTURE_AUTORELEASING = YES;
				CLANG_WARN_BOOL_CONVERSION = YES;
				CLANG_WARN_COMMA = YES;
				CLANG_WARN_CONSTANT_CONVERSION = YES;
				CLANG_WARN_DEPRECATED_OBJC_IMPLEMENTATIONS = YES;
				CLANG_WARN_DIRECT_OBJC_ISA_USAGE = YES_ERROR;
				CLANG_WARN_DOCUMENTATION_COMMENTS = YES;
				CLANG_WARN_EMPTY_BODY = YES;
				CLANG_WARN_ENUM_CONVERSION = YES;
				CLANG_WARN_INFINITE_RECURSION = YES;
				CLANG_WARN_INT_CONVERSION = YES;
				CLANG_WARN_NON_LITERAL_NULL_CONVERSION = YES;
				CLANG_WARN_OBJC_IMPLICIT_RETAIN_SELF = YES;
				CLANG_WARN_OBJC_LITERAL_CONVERSION = YES;
				CLANG_WARN_OBJC_ROOT_CLASS = YES_ERROR;
				CLANG_WARN_QUOTED_INCLUDE_IN_FRAMEWORK_HEADER = YES;
				CLANG_WARN_RANGE_LOOP_ANALYSIS = YES;
				CLANG_WARN_STRICT_PROTOTYPES = YES;
				CLANG_WARN_SUSPICIOUS_MOVE = YES;
				CLANG_WARN_UNGUARDED_AVAILABILITY = YES_AGGRESSIVE;
				CLANG_WARN_UNREACHABLE_CODE = YES;
				CLANG_WARN__DUPLICATE_METHOD_MATCH = YES;
				COPY_PHASE_STRIP = NO;
				DEBUG_INFORMATION_FORMAT = dwarf;
				ENABLE_STRICT_OBJC_MSGSEND = YES;
				ENABLE_TESTABILITY = YES;
				ENABLE_USER_SCRIPT_SANDBOXING = YES;
				GCC_C_LANGUAGE_STANDARD = gnu17;
				GCC_DYNAMIC_NO_PIC = NO;
				GCC_NO_COMMON_BLOCKS = YES;
				GCC_OPTIMIZATION_LEVEL = 0;
				GCC_PREPROCESSOR_DEFINITIONS = (
					"DEBUG=1",
					"$(inherited)",
				);
				GCC_WARN_64_TO_32_BIT_CONVERSION = YES;
				GCC_WARN_ABOUT_RETURN_TYPE = YES_ERROR;
				GCC_WARN_UNDECLARED_SELECTOR = YES;
				GCC_WARN_UNINITIALIZED_AUTOS = YES_AGGRESSIVE;
				GCC_WARN_UNUSED_FUNCTION = YES;
				GCC_WARN_UNUSED_VARIABLE = YES;
				IPHONEOS_DEPLOYMENT_TARGET = 17.4;
				LOCALIZATION_PREFERS_STRING_CATALOGS = YES;
				MTL_ENABLE_DEBUG_INFO = INCLUDE_SOURCE;
				MTL_FAST_MATH = YES;
				ONLY_ACTIVE_ARCH = YES;
				SDKROOT = iphoneos;
				SWIFT_ACTIVE_COMPILATION_CONDITIONS = "DEBUG $(inherited)";
				SWIFT_OPTIMIZATION_LEVEL = "-Onone";
			};
			name = Debug;
		};
		CA0FC3352BDD214800647BB0 /* Release */ = {
			isa = XCBuildConfiguration;
			buildSettings = {
				ALWAYS_SEARCH_USER_PATHS = NO;
				ASSETCATALOG_COMPILER_GENERATE_SWIFT_ASSET_SYMBOL_EXTENSIONS = NO;
				CLANG_ANALYZER_NONNULL = YES;
				CLANG_ANALYZER_NUMBER_OBJECT_CONVERSION = YES_AGGRESSIVE;
				CLANG_CXX_LANGUAGE_STANDARD = "gnu++20";
				CLANG_ENABLE_MODULES = YES;
				CLANG_ENABLE_OBJC_ARC = YES;
				CLANG_ENABLE_OBJC_WEAK = YES;
				CLANG_WARN_BLOCK_CAPTURE_AUTORELEASING = YES;
				CLANG_WARN_BOOL_CONVERSION = YES;
				CLANG_WARN_COMMA = YES;
				CLANG_WARN_CONSTANT_CONVERSION = YES;
				CLANG_WARN_DEPRECATED_OBJC_IMPLEMENTATIONS = YES;
				CLANG_WARN_DIRECT_OBJC_ISA_USAGE = YES_ERROR;
				CLANG_WARN_DOCUMENTATION_COMMENTS = YES;
				CLANG_WARN_EMPTY_BODY = YES;
				CLANG_WARN_ENUM_CONVERSION = YES;
				CLANG_WARN_INFINITE_RECURSION = YES;
				CLANG_WARN_INT_CONVERSION = YES;
				CLANG_WARN_NON_LITERAL_NULL_CONVERSION = YES;
				CLANG_WARN_OBJC_IMPLICIT_RETAIN_SELF = YES;
				CLANG_WARN_OBJC_LITERAL_CONVERSION = YES;
				CLANG_WARN_OBJC_ROOT_CLASS = YES_ERROR;
				CLANG_WARN_QUOTED_INCLUDE_IN_FRAMEWORK_HEADER = YES;
				CLANG_WARN_RANGE_LOOP_ANALYSIS = YES;
				CLANG_WARN_STRICT_PROTOTYPES = YES;
				CLANG_WARN_SUSPICIOUS_MOVE = YES;
				CLANG_WARN_UNGUARDED_AVAILABILITY = YES_AGGRESSIVE;
				CLANG_WARN_UNREACHABLE_CODE = YES;
				CLANG_WARN__DUPLICATE_METHOD_MATCH = YES;
				COPY_PHASE_STRIP = NO;
				DEBUG_INFORMATION_FORMAT = "dwarf-with-dsym";
				ENABLE_NS_ASSERTIONS = NO;
				ENABLE_STRICT_OBJC_MSGSEND = YES;
				ENABLE_USER_SCRIPT_SANDBOXING = YES;
				GCC_C_LANGUAGE_STANDARD = gnu17;
				GCC_NO_COMMON_BLOCKS = YES;
				GCC_WARN_64_TO_32_BIT_CONVERSION = YES;
				GCC_WARN_ABOUT_RETURN_TYPE = YES_ERROR;
				GCC_WARN_UNDECLARED_SELECTOR = YES;
				GCC_WARN_UNINITIALIZED_AUTOS = YES_AGGRESSIVE;
				GCC_WARN_UNUSED_FUNCTION = YES;
				GCC_WARN_UNUSED_VARIABLE = YES;
				IPHONEOS_DEPLOYMENT_TARGET = 17.4;
				LOCALIZATION_PREFERS_STRING_CATALOGS = YES;
				MTL_ENABLE_DEBUG_INFO = NO;
				MTL_FAST_MATH = YES;
				SDKROOT = iphoneos;
				SWIFT_COMPILATION_MODE = wholemodule;
				VALIDATE_PRODUCT = YES;
			};
			name = Release;
		};
		CA0FC3372BDD214800647BB0 /* Debug */ = {
			isa = XCBuildConfiguration;
			buildSettings = {
				ASSETCATALOG_COMPILER_APPICON_NAME = AppIcon;
				ASSETCATALOG_COMPILER_GLOBAL_ACCENT_COLOR_NAME = AccentColor;
				CODE_SIGN_STYLE = Automatic;
				CURRENT_PROJECT_VERSION = 1;
				DEVELOPMENT_ASSET_PATHS = "\"AMtime/Preview Content\"";
				ENABLE_PREVIEWS = YES;
				GENERATE_INFOPLIST_FILE = YES;
				INFOPLIST_KEY_UIApplicationSceneManifest_Generation = YES;
				INFOPLIST_KEY_UIApplicationSupportsIndirectInputEvents = YES;
				INFOPLIST_KEY_UILaunchScreen_Generation = YES;
				INFOPLIST_KEY_UISupportedInterfaceOrientations_iPad = "UIInterfaceOrientationPortrait UIInterfaceOrientationPortraitUpsideDown UIInterfaceOrientationLandscapeLeft UIInterfaceOrientationLandscapeRight";
				INFOPLIST_KEY_UISupportedInterfaceOrientations_iPhone = "UIInterfaceOrientationPortrait UIInterfaceOrientationLandscapeLeft UIInterfaceOrientationLandscapeRight";
				LD_RUNPATH_SEARCH_PATHS = (
					"$(inherited)",
					"@executable_path/Frameworks",
				);
				MARKETING_VERSION = 1.0;
				PRODUCT_BUNDLE_IDENTIFIER = Sindorei.AMtime;
				PRODUCT_NAME = "$(TARGET_NAME)";
				SWIFT_EMIT_LOC_STRINGS = YES;
				SWIFT_VERSION = 5.0;
				TARGETED_DEVICE_FAMILY = "1,2";
			};
			name = Debug;
		};
		CA0FC3382BDD214800647BB0 /* Release */ = {
			isa = XCBuildConfiguration;
			buildSettings = {
				ASSETCATALOG_COMPILER_APPICON_NAME = AppIcon;
				ASSETCATALOG_COMPILER_GLOBAL_ACCENT_COLOR_NAME = AccentColor;
				CODE_SIGN_STYLE = Automatic;
				CURRENT_PROJECT_VERSION = 1;
				DEVELOPMENT_ASSET_PATHS = "\"AMtime/Preview Content\"";
				ENABLE_PREVIEWS = YES;
				GENERATE_INFOPLIST_FILE = YES;
				INFOPLIST_KEY_UIApplicationSceneManifest_Generation = YES;
				INFOPLIST_KEY_UIApplicationSupportsIndirectInputEvents = YES;
				INFOPLIST_KEY_UILaunchScreen_Generation = YES;
				INFOPLIST_KEY_UISupportedInterfaceOrientations_iPad = "UIInterfaceOrientationPortrait UIInterfaceOrientationPortraitUpsideDown UIInterfaceOrientationLandscapeLeft UIInterfaceOrientationLandscapeRight";
				INFOPLIST_KEY_UISupportedInterfaceOrientations_iPhone = "UIInterfaceOrientationPortrait UIInterfaceOrientationLandscapeLeft UIInterfaceOrientationLandscapeRight";
				LD_RUNPATH_SEARCH_PATHS = (
					"$(inherited)",
					"@executable_path/Frameworks",
				);
				MARKETING_VERSION = 1.0;
				PRODUCT_BUNDLE_IDENTIFIER = Sindorei.AMtime;
				PRODUCT_NAME = "$(TARGET_NAME)";
				SWIFT_EMIT_LOC_STRINGS = YES;
				SWIFT_VERSION = 5.0;
				TARGETED_DEVICE_FAMILY = "1,2";
			};
			name = Release;
		};
		CA0FC33A2BDD214800647BB0 /* Debug */ = {
			isa = XCBuildConfiguration;
			buildSettings = {
				ALWAYS_EMBED_SWIFT_STANDARD_LIBRARIES = YES;
				BUNDLE_LOADER = "$(TEST_HOST)";
				CODE_SIGN_STYLE = Automatic;
				CURRENT_PROJECT_VERSION = 1;
				GENERATE_INFOPLIST_FILE = YES;
				IPHONEOS_DEPLOYMENT_TARGET = 17.4;
				MARKETING_VERSION = 1.0;
				PRODUCT_BUNDLE_IDENTIFIER = Sindorei.AMtimeTests;
				PRODUCT_NAME = "$(TARGET_NAME)";
				SWIFT_EMIT_LOC_STRINGS = NO;
				SWIFT_VERSION = 5.0;
				TARGETED_DEVICE_FAMILY = "1,2";
				TEST_HOST = "$(BUILT_PRODUCTS_DIR)/AMtime.app/$(BUNDLE_EXECUTABLE_FOLDER_PATH)/AMtime";
			};
			name = Debug;
		};
		CA0FC33B2BDD214800647BB0 /* Release */ = {
			isa = XCBuildConfiguration;
			buildSettings = {
				ALWAYS_EMBED_SWIFT_STANDARD_LIBRARIES = YES;
				BUNDLE_LOADER = "$(TEST_HOST)";
				CODE_SIGN_STYLE = Automatic;
				CURRENT_PROJECT_VERSION = 1;
				GENERATE_INFOPLIST_FILE = YES;
				IPHONEOS_DEPLOYMENT_TARGET = 17.4;
				MARKETING_VERSION = 1.0;
				PRODUCT_BUNDLE_IDENTIFIER = Sindorei.AMtimeTests;
				PRODUCT_NAME = "$(TARGET_NAME)";
				SWIFT_EMIT_LOC_STRINGS = NO;
				SWIFT_VERSION = 5.0;
				TARGETED_DEVICE_FAMILY = "1,2";
				TEST_HOST = "$(BUILT_PRODUCTS_DIR)/AMtime.app/$(BUNDLE_EXECUTABLE_FOLDER_PATH)/AMtime";
			};
			name = Release;
		};
		CA0FC33D2BDD214800647BB0 /* Debug */ = {
			isa = XCBuildConfiguration;
			buildSettings = {
				ALWAYS_EMBED_SWIFT_STANDARD_LIBRARIES = YES;
				CODE_SIGN_STYLE = Automatic;
				CURRENT_PROJECT_VERSION = 1;
				GENERATE_INFOPLIST_FILE = YES;
				MARKETING_VERSION = 1.0;
				PRODUCT_BUNDLE_IDENTIFIER = Sindorei.AMtimeUITests;
				PRODUCT_NAME = "$(TARGET_NAME)";
				SWIFT_EMIT_LOC_STRINGS = NO;
				SWIFT_VERSION = 5.0;
				TARGETED_DEVICE_FAMILY = "1,2";
				TEST_TARGET_NAME = AMtime;
			};
			name = Debug;
		};
		CA0FC33E2BDD214800647BB0 /* Release */ = {
			isa = XCBuildConfiguration;
			buildSettings = {
				ALWAYS_EMBED_SWIFT_STANDARD_LIBRARIES = YES;
				CODE_SIGN_STYLE = Automatic;
				CURRENT_PROJECT_VERSION = 1;
				GENERATE_INFOPLIST_FILE = YES;
				MARKETING_VERSION = 1.0;
				PRODUCT_BUNDLE_IDENTIFIER = Sindorei.AMtimeUITests;
				PRODUCT_NAME = "$(TARGET_NAME)";
				SWIFT_EMIT_LOC_STRINGS = NO;
				SWIFT_VERSION = 5.0;
				TARGETED_DEVICE_FAMILY = "1,2";
				TEST_TARGET_NAME = AMtime;
			};
			name = Release;
		};
/* End XCBuildConfiguration section */

/* Begin XCConfigurationList section */
		CA0FC30D2BDD214700647BB0 /* Build configuration list for PBXProject "AMtime" */ = {
			isa = XCConfigurationList;
			buildConfigurations = (
				CA0FC3342BDD214800647BB0 /* Debug */,
				CA0FC3352BDD214800647BB0 /* Release */,
			);
			defaultConfigurationIsVisible = 0;
			defaultConfigurationName = Release;
		};
		CA0FC3362BDD214800647BB0 /* Build configuration list for PBXNativeTarget "AMtime" */ = {
			isa = XCConfigurationList;
			buildConfigurations = (
				CA0FC3372BDD214800647BB0 /* Debug */,
				CA0FC3382BDD214800647BB0 /* Release */,
			);
			defaultConfigurationIsVisible = 0;
			defaultConfigurationName = Release;
		};
		CA0FC3392BDD214800647BB0 /* Build configuration list for PBXNativeTarget "AMtimeTests" */ = {
			isa = XCConfigurationList;
			buildConfigurations = (
				CA0FC33A2BDD214800647BB0 /* Debug */,
				CA0FC33B2BDD214800647BB0 /* Release */,
			);
			defaultConfigurationIsVisible = 0;
			defaultConfigurationName = Release;
		};
		CA0FC33C2BDD214800647BB0 /* Build configuration list for PBXNativeTarget "AMtimeUITests" */ = {
			isa = XCConfigurationList;
			buildConfigurations = (
				CA0FC33D2BDD214800647BB0 /* Debug */,
				CA0FC33E2BDD214800647BB0 /* Release */,
			);
			defaultConfigurationIsVisible = 0;
			defaultConfigurationName = Release;
		};
/* End XCConfigurationList section */

/* Begin XCRemoteSwiftPackageReference section */
		CA6FEEEF2BDDEBDB00D696DB /* XCRemoteSwiftPackageReference "Kingfisher" */ = {
			isa = XCRemoteSwiftPackageReference;
			repositoryURL = "https://github.com/onevcat/Kingfisher.git";
			requirement = {
				kind = upToNextMajorVersion;
				minimumVersion = 7.11.0;
			};
		};
/* End XCRemoteSwiftPackageReference section */

/* Begin XCSwiftPackageProductDependency section */
		CA6FEEF02BDDEBDB00D696DB /* Kingfisher */ = {
			isa = XCSwiftPackageProductDependency;
			package = CA6FEEEF2BDDEBDB00D696DB /* XCRemoteSwiftPackageReference "Kingfisher" */;
			productName = Kingfisher;
		};
/* End XCSwiftPackageProductDependency section */
	};
	rootObject = CA0FC30A2BDD214700647BB0 /* Project object */;
}
